// !$*UTF8*$!
{
	archiveVersion = 1;
	classes = {
	};
	objectVersion = 46;
	objects = {

/* Begin PBXBuildFile section */
		CD35691A326A126B5F569213 /* libPods.a in Frameworks */ = {isa = PBXBuildFile; fileRef = 79D18B6C5246A55B45CB5059 /* libPods.a */; };
		EA12F0921BD02432001BCB60 /* RootController.m in Sources */ = {isa = PBXBuildFile; fileRef = EA12F0911BD02432001BCB60 /* RootController.m */; };
		EA18964B1BCC1BEF0048A983 /* UIScrollView+ScalableCover.m in Sources */ = {isa = PBXBuildFile; fileRef = EA1896331BCC1BEF0048A983 /* UIScrollView+ScalableCover.m */; };
		EA1896551BCC2AA50048A983 /* Snip20151013_1.png in Resources */ = {isa = PBXBuildFile; fileRef = EA1896541BCC2AA50048A983 /* Snip20151013_1.png */; };
		EA21EDC21BC90BC00082CB25 /* TabBarController.m in Sources */ = {isa = PBXBuildFile; fileRef = EA21EDC11BC90BC00082CB25 /* TabBarController.m */; };
		EA2EC6E61BCFC505003881EC /* zhishuCell.m in Sources */ = {isa = PBXBuildFile; fileRef = EA2EC6E51BCFC505003881EC /* zhishuCell.m */; };
		EA2EC6EE1BCFD59B003881EC /* chuanyi.png in Resources */ = {isa = PBXBuildFile; fileRef = EA2EC6E81BCFD59B003881EC /* chuanyi.png */; };
		EA2EC6EF1BCFD59B003881EC /* ganmao.png in Resources */ = {isa = PBXBuildFile; fileRef = EA2EC6E91BCFD59B003881EC /* ganmao.png */; };
		EA2EC6F01BCFD59B003881EC /* lvyou.png in Resources */ = {isa = PBXBuildFile; fileRef = EA2EC6EA1BCFD59B003881EC /* lvyou.png */; };
		EA2EC6F11BCFD59B003881EC /* xiche.png in Resources */ = {isa = PBXBuildFile; fileRef = EA2EC6EB1BCFD59B003881EC /* xiche.png */; };
		EA2EC6F21BCFD59B003881EC /* yundong.png in Resources */ = {isa = PBXBuildFile; fileRef = EA2EC6EC1BCFD59B003881EC /* yundong.png */; };
		EA2EC6F31BCFD59B003881EC /* ziwaixian.png in Resources */ = {isa = PBXBuildFile; fileRef = EA2EC6ED1BCFD59B003881EC /* ziwaixian.png */; };
		EA5B43281BD4E73A009C044B /* navi_bg_2.png in Resources */ = {isa = PBXBuildFile; fileRef = EA5B43271BD4E73A009C044B /* navi_bg_2.png */; settings = {ASSET_TAGS = (); }; };
		EA5B432E1BD4EBB6009C044B /* ariView_bg.png in Resources */ = {isa = PBXBuildFile; fileRef = EA5B432D1BD4EBB6009C044B /* ariView_bg.png */; settings = {ASSET_TAGS = (); }; };
		EA5B43311BD4EDE3009C044B /* SearchAriVC.m in Sources */ = {isa = PBXBuildFile; fileRef = EA5B43301BD4EDE3009C044B /* SearchAriVC.m */; settings = {ASSET_TAGS = (); }; };
		EA5B43331BD4EEAD009C044B /* SearchAri.storyboard in Resources */ = {isa = PBXBuildFile; fileRef = EA5B43321BD4EEAD009C044B /* SearchAri.storyboard */; settings = {ASSET_TAGS = (); }; };
		EA796ECD1BCB897300B58ED7 /* Foundation.framework in Frameworks */ = {isa = PBXBuildFile; fileRef = EA796ECC1BCB897300B58ED7 /* Foundation.framework */; };
		EA796ECF1BCB897A00B58ED7 /* UIKit.framework in Frameworks */ = {isa = PBXBuildFile; fileRef = EA796ECE1BCB897A00B58ED7 /* UIKit.framework */; };
		EA796ED11BCB898200B58ED7 /* AssetsLibrary.framework in Frameworks */ = {isa = PBXBuildFile; fileRef = EA796ED01BCB898200B58ED7 /* AssetsLibrary.framework */; };
		EA7A7BE81BC9475700CB9917 /* MyViewController.m in Sources */ = {isa = PBXBuildFile; fileRef = EA7A7BE71BC9475700CB9917 /* MyViewController.m */; };
		EA7A7BEE1BC9650A00CB9917 /* myView_bg.png in Resources */ = {isa = PBXBuildFile; fileRef = EA7A7BED1BC9650A00CB9917 /* myView_bg.png */; };
		EA7A7BF01BC969BD00CB9917 /* shijing@2x.png in Resources */ = {isa = PBXBuildFile; fileRef = EA7A7BEF1BC969BD00CB9917 /* shijing@2x.png */; };
		EA7A7BF21BC96B0600CB9917 /* wo@2x.png in Resources */ = {isa = PBXBuildFile; fileRef = EA7A7BF11BC96B0600CB9917 /* wo@2x.png */; };
		EA7A7BF41BC9722000CB9917 /* CoreGraphics.framework in Frameworks */ = {isa = PBXBuildFile; fileRef = EA7A7BF31BC9722000CB9917 /* CoreGraphics.framework */; };
		EA7A7C631BCB616200CB9917 /* SceneryViewController.m in Sources */ = {isa = PBXBuildFile; fileRef = EA7A7C621BCB616200CB9917 /* SceneryViewController.m */; };
		EA7A7C681BCB692100CB9917 /* Snip20151012_3.png in Resources */ = {isa = PBXBuildFile; fileRef = EA7A7C651BCB692100CB9917 /* Snip20151012_3.png */; };
		EA7A7C691BCB692100CB9917 /* Snip20151012_4.png in Resources */ = {isa = PBXBuildFile; fileRef = EA7A7C661BCB692100CB9917 /* Snip20151012_4.png */; };
		EA7A7C6A1BCB692100CB9917 /* Snip20151012_2.png in Resources */ = {isa = PBXBuildFile; fileRef = EA7A7C671BCB692100CB9917 /* Snip20151012_2.png */; };
		EA8A6B0E1BD62315001FEBF1 /* CCLocationManager.m in Sources */ = {isa = PBXBuildFile; fileRef = EA8A6B0B1BD62315001FEBF1 /* CCLocationManager.m */; settings = {ASSET_TAGS = (); }; };
		EA8A6B0F1BD62315001FEBF1 /* CLLocation+YCLocation.m in Sources */ = {isa = PBXBuildFile; fileRef = EA8A6B0D1BD62315001FEBF1 /* CLLocation+YCLocation.m */; settings = {ASSET_TAGS = (); }; };
		EA8A6B111BD62C35001FEBF1 /* location_icon.png in Resources */ = {isa = PBXBuildFile; fileRef = EA8A6B101BD62C35001FEBF1 /* location_icon.png */; settings = {ASSET_TAGS = (); }; };
		EA8A6B131BD66C0B001FEBF1 /* Scenery.plist in Resources */ = {isa = PBXBuildFile; fileRef = EA8A6B121BD66C0B001FEBF1 /* Scenery.plist */; settings = {ASSET_TAGS = (); }; };
		EA97C3571BCD3AB000B9362F /* LeftViewController.m in Sources */ = {isa = PBXBuildFile; fileRef = EA97C3561BCD3AB000B9362F /* LeftViewController.m */; };
		EA97C35A1BCD61F800B9362F /* BaseTableViewController.m in Sources */ = {isa = PBXBuildFile; fileRef = EA97C3591BCD61F800B9362F /* BaseTableViewController.m */; };
		EA97C35D1BCD643C00B9362F /* WeatherViewController.m in Sources */ = {isa = PBXBuildFile; fileRef = EA97C35C1BCD643C00B9362F /* WeatherViewController.m */; };
		EA97C3621BCD876600B9362F /* 1.png in Resources */ = {isa = PBXBuildFile; fileRef = EA97C35E1BCD876600B9362F /* 1.png */; };
		EA97C3631BCD876600B9362F /* 2.png in Resources */ = {isa = PBXBuildFile; fileRef = EA97C35F1BCD876600B9362F /* 2.png */; };
		EA97C3641BCD876600B9362F /* 3.png in Resources */ = {isa = PBXBuildFile; fileRef = EA97C3601BCD876600B9362F /* 3.png */; };
		EA97C3651BCD876600B9362F /* 4.png in Resources */ = {isa = PBXBuildFile; fileRef = EA97C3611BCD876600B9362F /* 4.png */; };
		EA97C3671BCD956700B9362F /* bg.png in Resources */ = {isa = PBXBuildFile; fileRef = EA97C3661BCD956700B9362F /* bg.png */; };
		EAAE84E01BD4CEEC00C9743A /* weatherCellView.m in Sources */ = {isa = PBXBuildFile; fileRef = EAAE84DF1BD4CEEC00C9743A /* weatherCellView.m */; settings = {ASSET_TAGS = (); }; };
		EAB7E83A1BC81A1C0049F58D /* main.m in Sources */ = {isa = PBXBuildFile; fileRef = EAB7E8391BC81A1C0049F58D /* main.m */; };
		EAB7E83D1BC81A1D0049F58D /* AppDelegate.m in Sources */ = {isa = PBXBuildFile; fileRef = EAB7E83C1BC81A1D0049F58D /* AppDelegate.m */; };
		EAB7E8431BC81A1D0049F58D /* Main.storyboard in Resources */ = {isa = PBXBuildFile; fileRef = EAB7E8411BC81A1D0049F58D /* Main.storyboard */; };
		EAB7E8451BC81A1D0049F58D /* Assets.xcassets in Resources */ = {isa = PBXBuildFile; fileRef = EAB7E8441BC81A1D0049F58D /* Assets.xcassets */; };
		EAB7E8481BC81A1D0049F58D /* LaunchScreen.storyboard in Resources */ = {isa = PBXBuildFile; fileRef = EAB7E8461BC81A1D0049F58D /* LaunchScreen.storyboard */; };
		EAB7E8531BC81A1D0049F58D /* WeatherTests.m in Sources */ = {isa = PBXBuildFile; fileRef = EAB7E8521BC81A1D0049F58D /* WeatherTests.m */; };
		EAB7E85E1BC81A1D0049F58D /* WeatherUITests.m in Sources */ = {isa = PBXBuildFile; fileRef = EAB7E85D1BC81A1D0049F58D /* WeatherUITests.m */; };
		EAB7E8701BC8E0960049F58D /* BaseNavigationController.m in Sources */ = {isa = PBXBuildFile; fileRef = EAB7E86F1BC8E0960049F58D /* BaseNavigationController.m */; };
		EAB7E8741BC8E1450049F58D /* WeatherNavigationController.m in Sources */ = {isa = PBXBuildFile; fileRef = EAB7E8731BC8E1450049F58D /* WeatherNavigationController.m */; };
		EAB7E8781BC8E1D70049F58D /* SceneryNavigationController.m in Sources */ = {isa = PBXBuildFile; fileRef = EAB7E8771BC8E1D70049F58D /* SceneryNavigationController.m */; };
		EAB7E87C1BC8E2030049F58D /* MyNavigationController.m in Sources */ = {isa = PBXBuildFile; fileRef = EAB7E87B1BC8E2030049F58D /* MyNavigationController.m */; };
		EAB7E87F1BC8E60E0049F58D /* BaseViewController.m in Sources */ = {isa = PBXBuildFile; fileRef = EAB7E87E1BC8E60E0049F58D /* BaseViewController.m */; };
		EAB7E8861BC8F3EA0049F58D /* navi_bg.png in Resources */ = {isa = PBXBuildFile; fileRef = EAB7E8841BC8F3EA0049F58D /* navi_bg.png */; };
		EAB7E8871BC8F3EA0049F58D /* bar_bg.png in Resources */ = {isa = PBXBuildFile; fileRef = EAB7E8851BC8F3EA0049F58D /* bar_bg.png */; };
		EAC7A51D1BC8FB5500936F5C /* weather-broken.png in Resources */ = {isa = PBXBuildFile; fileRef = EAC7A5051BC8FB5500936F5C /* weather-broken.png */; };
		EAC7A51E1BC8FB5500936F5C /* weather-broken@2x.png in Resources */ = {isa = PBXBuildFile; fileRef = EAC7A5061BC8FB5500936F5C /* weather-broken@2x.png */; };
		EAC7A51F1BC8FB5500936F5C /* weather-clear.png in Resources */ = {isa = PBXBuildFile; fileRef = EAC7A5071BC8FB5500936F5C /* weather-clear.png */; };
		EAC7A5201BC8FB5500936F5C /* weather-clear@2x.png in Resources */ = {isa = PBXBuildFile; fileRef = EAC7A5081BC8FB5500936F5C /* weather-clear@2x.png */; };
		EAC7A5211BC8FB5500936F5C /* weather-few-night.png in Resources */ = {isa = PBXBuildFile; fileRef = EAC7A5091BC8FB5500936F5C /* weather-few-night.png */; };
		EAC7A5221BC8FB5500936F5C /* weather-few-night@2x.png in Resources */ = {isa = PBXBuildFile; fileRef = EAC7A50A1BC8FB5500936F5C /* weather-few-night@2x.png */; };
		EAC7A5231BC8FB5500936F5C /* weather-few.png in Resources */ = {isa = PBXBuildFile; fileRef = EAC7A50B1BC8FB5500936F5C /* weather-few.png */; };
		EAC7A5241BC8FB5500936F5C /* weather-few@2x.png in Resources */ = {isa = PBXBuildFile; fileRef = EAC7A50C1BC8FB5500936F5C /* weather-few@2x.png */; };
		EAC7A5251BC8FB5500936F5C /* weather-mist.png in Resources */ = {isa = PBXBuildFile; fileRef = EAC7A50D1BC8FB5500936F5C /* weather-mist.png */; };
		EAC7A5261BC8FB5500936F5C /* weather-mist@2x.png in Resources */ = {isa = PBXBuildFile; fileRef = EAC7A50E1BC8FB5500936F5C /* weather-mist@2x.png */; };
		EAC7A5271BC8FB5500936F5C /* weather-moon.png in Resources */ = {isa = PBXBuildFile; fileRef = EAC7A50F1BC8FB5500936F5C /* weather-moon.png */; };
		EAC7A5281BC8FB5500936F5C /* weather-moon@2x.png in Resources */ = {isa = PBXBuildFile; fileRef = EAC7A5101BC8FB5500936F5C /* weather-moon@2x.png */; };
		EAC7A5291BC8FB5500936F5C /* weather-rain-night.png in Resources */ = {isa = PBXBuildFile; fileRef = EAC7A5111BC8FB5500936F5C /* weather-rain-night.png */; };
		EAC7A52A1BC8FB5500936F5C /* weather-rain-night@2x.png in Resources */ = {isa = PBXBuildFile; fileRef = EAC7A5121BC8FB5500936F5C /* weather-rain-night@2x.png */; };
		EAC7A52B1BC8FB5500936F5C /* weather-rain.png in Resources */ = {isa = PBXBuildFile; fileRef = EAC7A5131BC8FB5500936F5C /* weather-rain.png */; };
		EAC7A52C1BC8FB5500936F5C /* weather-rain@2x.png in Resources */ = {isa = PBXBuildFile; fileRef = EAC7A5141BC8FB5500936F5C /* weather-rain@2x.png */; };
		EAC7A52D1BC8FB5500936F5C /* weather-scattered.png in Resources */ = {isa = PBXBuildFile; fileRef = EAC7A5151BC8FB5500936F5C /* weather-scattered.png */; };
		EAC7A52E1BC8FB5500936F5C /* weather-scattered@2x.png in Resources */ = {isa = PBXBuildFile; fileRef = EAC7A5161BC8FB5500936F5C /* weather-scattered@2x.png */; };
		EAC7A52F1BC8FB5500936F5C /* weather-shower.png in Resources */ = {isa = PBXBuildFile; fileRef = EAC7A5171BC8FB5500936F5C /* weather-shower.png */; };
		EAC7A5301BC8FB5500936F5C /* weather-shower@2x.png in Resources */ = {isa = PBXBuildFile; fileRef = EAC7A5181BC8FB5500936F5C /* weather-shower@2x.png */; };
		EAC7A5311BC8FB5500936F5C /* weather-snow.png in Resources */ = {isa = PBXBuildFile; fileRef = EAC7A5191BC8FB5500936F5C /* weather-snow.png */; };
		EAC7A5321BC8FB5500936F5C /* weather-snow@2x.png in Resources */ = {isa = PBXBuildFile; fileRef = EAC7A51A1BC8FB5500936F5C /* weather-snow@2x.png */; };
		EAC7A5331BC8FB5500936F5C /* weather-tstorm.png in Resources */ = {isa = PBXBuildFile; fileRef = EAC7A51B1BC8FB5500936F5C /* weather-tstorm.png */; };
		EAC7A5341BC8FB5500936F5C /* weather-tstorm@2x.png in Resources */ = {isa = PBXBuildFile; fileRef = EAC7A51C1BC8FB5500936F5C /* weather-tstorm@2x.png */; };
		EAD460EA1BD0E90300325448 /* LeftNaviController.m in Sources */ = {isa = PBXBuildFile; fileRef = EAD460E91BD0E90300325448 /* LeftNaviController.m */; };
		EAD460EC1BD0F0D500325448 /* weather-clear2@2x.png in Resources */ = {isa = PBXBuildFile; fileRef = EAD460EB1BD0F0D500325448 /* weather-clear2@2x.png */; };
		EAD460EE1BD1130400325448 /* mojiYunQu.png in Resources */ = {isa = PBXBuildFile; fileRef = EAD460ED1BD1130400325448 /* mojiYunQu.png */; };
		EAD460F91BD171FC00325448 /* leftIcon_1.png in Resources */ = {isa = PBXBuildFile; fileRef = EAD460F71BD171FC00325448 /* leftIcon_1.png */; };
		EAD460FA1BD171FC00325448 /* leftIcon_2.png in Resources */ = {isa = PBXBuildFile; fileRef = EAD460F81BD171FC00325448 /* leftIcon_2.png */; };
		EAE489CE1BCE73CA00AFE65A /* Config.m in Sources */ = {isa = PBXBuildFile; fileRef = EAE489CD1BCE73CA00AFE65A /* Config.m */; };
		EAE489D31BCEDE4100AFE65A /* cartoon_2.png in Resources */ = {isa = PBXBuildFile; fileRef = EAE489D11BCEDE4100AFE65A /* cartoon_2.png */; };
		EAE489D41BCEDE4200AFE65A /* cartoon_1.png in Resources */ = {isa = PBXBuildFile; fileRef = EAE489D21BCEDE4100AFE65A /* cartoon_1.png */; };
		EAE96FA11BD8AD25001E80DC /* SceneryImageviewController.m in Sources */ = {isa = PBXBuildFile; fileRef = EAE96FA01BD8AD25001E80DC /* SceneryImageviewController.m */; settings = {ASSET_TAGS = (); }; };
		EAEBEE981BD2236F00CBD561 /* CoreLocation.framework in Frameworks */ = {isa = PBXBuildFile; fileRef = EAEBEE971BD2236F00CBD561 /* CoreLocation.framework */; };
		EAEBEE9E1BD2374F00CBD561 /* SearchCityVC.m in Sources */ = {isa = PBXBuildFile; fileRef = EAEBEE9D1BD2374F00CBD561 /* SearchCityVC.m */; settings = {ASSET_TAGS = (); }; };
		EAEBEEAA1BD29FA700CBD561 /* City.plist in Resources */ = {isa = PBXBuildFile; fileRef = EAEBEEA91BD29FA700CBD561 /* City.plist */; settings = {ASSET_TAGS = (); }; };
		EAEBEEB01BD2B1C300CBD561 /* Search_backView.jpg in Resources */ = {isa = PBXBuildFile; fileRef = EAEBEEAF1BD2B1C300CBD561 /* Search_backView.jpg */; settings = {ASSET_TAGS = (); }; };
		EAEBEEB41BD2C11700CBD561 /* back.png in Resources */ = {isa = PBXBuildFile; fileRef = EAEBEEB31BD2C11700CBD561 /* back.png */; settings = {ASSET_TAGS = (); }; };
		EAEE48B91BD5622000DC38BC /* refresh_1.png in Resources */ = {isa = PBXBuildFile; fileRef = EAEE48B61BD5622000DC38BC /* refresh_1.png */; settings = {ASSET_TAGS = (); }; };
		EAEE48BA1BD5622000DC38BC /* refresh_2.png in Resources */ = {isa = PBXBuildFile; fileRef = EAEE48B71BD5622000DC38BC /* refresh_2.png */; settings = {ASSET_TAGS = (); }; };
		EAEE48BB1BD5622000DC38BC /* refresh_3.png in Resources */ = {isa = PBXBuildFile; fileRef = EAEE48B81BD5622000DC38BC /* refresh_3.png */; settings = {ASSET_TAGS = (); }; };
		EAF888811BD754CB00B43790 /* UUBar.m in Sources */ = {isa = PBXBuildFile; fileRef = EAF888761BD754CB00B43790 /* UUBar.m */; settings = {ASSET_TAGS = (); }; };
		EAF888821BD754CB00B43790 /* UUBarChart.m in Sources */ = {isa = PBXBuildFile; fileRef = EAF888781BD754CB00B43790 /* UUBarChart.m */; settings = {ASSET_TAGS = (); }; };
		EAF888831BD754CB00B43790 /* UUChart.m in Sources */ = {isa = PBXBuildFile; fileRef = EAF8887A1BD754CB00B43790 /* UUChart.m */; settings = {ASSET_TAGS = (); }; };
		EAF888841BD754CB00B43790 /* UUChartLabel.m in Sources */ = {isa = PBXBuildFile; fileRef = EAF8887C1BD754CB00B43790 /* UUChartLabel.m */; settings = {ASSET_TAGS = (); }; };
		EAF888851BD754CB00B43790 /* UUColor.m in Sources */ = {isa = PBXBuildFile; fileRef = EAF8887E1BD754CB00B43790 /* UUColor.m */; settings = {ASSET_TAGS = (); }; };
		EAF888861BD754CB00B43790 /* UULineChart.m in Sources */ = {isa = PBXBuildFile; fileRef = EAF888801BD754CB00B43790 /* UULineChart.m */; settings = {ASSET_TAGS = (); }; };
		EAF8888A1BD76C5600B43790 /* LoginViewController.m in Sources */ = {isa = PBXBuildFile; fileRef = EAF888891BD76C5600B43790 /* LoginViewController.m */; settings = {ASSET_TAGS = (); }; };
		EAF8888C1BD76C6D00B43790 /* Login.storyboard in Resources */ = {isa = PBXBuildFile; fileRef = EAF8888B1BD76C6D00B43790 /* Login.storyboard */; settings = {ASSET_TAGS = (); }; };
/* End PBXBuildFile section */

/* Begin PBXContainerItemProxy section */
		EAB7E84F1BC81A1D0049F58D /* PBXContainerItemProxy */ = {
			isa = PBXContainerItemProxy;
			containerPortal = EAB7E82D1BC81A1C0049F58D /* Project object */;
			proxyType = 1;
			remoteGlobalIDString = EAB7E8341BC81A1C0049F58D;
			remoteInfo = Weather;
		};
		EAB7E85A1BC81A1D0049F58D /* PBXContainerItemProxy */ = {
			isa = PBXContainerItemProxy;
			containerPortal = EAB7E82D1BC81A1C0049F58D /* Project object */;
			proxyType = 1;
			remoteGlobalIDString = EAB7E8341BC81A1C0049F58D;
			remoteInfo = Weather;
		};
/* End PBXContainerItemProxy section */

/* Begin PBXFileReference section */
		79D18B6C5246A55B45CB5059 /* libPods.a */ = {isa = PBXFileReference; explicitFileType = archive.ar; includeInIndex = 0; path = libPods.a; sourceTree = BUILT_PRODUCTS_DIR; };
		BDA21021246AEE5A07AEA285 /* Pods.debug.xcconfig */ = {isa = PBXFileReference; includeInIndex = 1; lastKnownFileType = text.xcconfig; name = Pods.debug.xcconfig; path = "Pods/Target Support Files/Pods/Pods.debug.xcconfig"; sourceTree = "<group>"; };
		C79328E3F1D775E3DAF54486 /* Pods.release.xcconfig */ = {isa = PBXFileReference; includeInIndex = 1; lastKnownFileType = text.xcconfig; name = Pods.release.xcconfig; path = "Pods/Target Support Files/Pods/Pods.release.xcconfig"; sourceTree = "<group>"; };
		EA12F0901BD02432001BCB60 /* RootController.h */ = {isa = PBXFileReference; fileEncoding = 4; lastKnownFileType = sourcecode.c.h; path = RootController.h; sourceTree = "<group>"; };
		EA12F0911BD02432001BCB60 /* RootController.m */ = {isa = PBXFileReference; fileEncoding = 4; lastKnownFileType = sourcecode.c.objc; path = RootController.m; sourceTree = "<group>"; };
		EA1896321BCC1BEF0048A983 /* UIScrollView+ScalableCover.h */ = {isa = PBXFileReference; fileEncoding = 4; lastKnownFileType = sourcecode.c.h; path = "UIScrollView+ScalableCover.h"; sourceTree = "<group>"; };
		EA1896331BCC1BEF0048A983 /* UIScrollView+ScalableCover.m */ = {isa = PBXFileReference; fileEncoding = 4; lastKnownFileType = sourcecode.c.objc; path = "UIScrollView+ScalableCover.m"; sourceTree = "<group>"; };
		EA1896541BCC2AA50048A983 /* Snip20151013_1.png */ = {isa = PBXFileReference; lastKnownFileType = image.png; path = Snip20151013_1.png; sourceTree = "<group>"; };
		EA21EDC01BC90BC00082CB25 /* TabBarController.h */ = {isa = PBXFileReference; fileEncoding = 4; lastKnownFileType = sourcecode.c.h; path = TabBarController.h; sourceTree = "<group>"; };
		EA21EDC11BC90BC00082CB25 /* TabBarController.m */ = {isa = PBXFileReference; fileEncoding = 4; lastKnownFileType = sourcecode.c.objc; path = TabBarController.m; sourceTree = "<group>"; };
		EA2EC6E41BCFC505003881EC /* zhishuCell.h */ = {isa = PBXFileReference; fileEncoding = 4; lastKnownFileType = sourcecode.c.h; path = zhishuCell.h; sourceTree = "<group>"; };
		EA2EC6E51BCFC505003881EC /* zhishuCell.m */ = {isa = PBXFileReference; fileEncoding = 4; lastKnownFileType = sourcecode.c.objc; path = zhishuCell.m; sourceTree = "<group>"; };
		EA2EC6E81BCFD59B003881EC /* chuanyi.png */ = {isa = PBXFileReference; lastKnownFileType = image.png; path = chuanyi.png; sourceTree = "<group>"; };
		EA2EC6E91BCFD59B003881EC /* ganmao.png */ = {isa = PBXFileReference; lastKnownFileType = image.png; path = ganmao.png; sourceTree = "<group>"; };
		EA2EC6EA1BCFD59B003881EC /* lvyou.png */ = {isa = PBXFileReference; lastKnownFileType = image.png; path = lvyou.png; sourceTree = "<group>"; };
		EA2EC6EB1BCFD59B003881EC /* xiche.png */ = {isa = PBXFileReference; lastKnownFileType = image.png; path = xiche.png; sourceTree = "<group>"; };
		EA2EC6EC1BCFD59B003881EC /* yundong.png */ = {isa = PBXFileReference; lastKnownFileType = image.png; path = yundong.png; sourceTree = "<group>"; };
		EA2EC6ED1BCFD59B003881EC /* ziwaixian.png */ = {isa = PBXFileReference; lastKnownFileType = image.png; path = ziwaixian.png; sourceTree = "<group>"; };
		EA5B43271BD4E73A009C044B /* navi_bg_2.png */ = {isa = PBXFileReference; lastKnownFileType = image.png; path = navi_bg_2.png; sourceTree = "<group>"; };
		EA5B432D1BD4EBB6009C044B /* ariView_bg.png */ = {isa = PBXFileReference; lastKnownFileType = image.png; path = ariView_bg.png; sourceTree = "<group>"; };
		EA5B432F1BD4EDE3009C044B /* SearchAriVC.h */ = {isa = PBXFileReference; fileEncoding = 4; lastKnownFileType = sourcecode.c.h; path = SearchAriVC.h; sourceTree = "<group>"; };
		EA5B43301BD4EDE3009C044B /* SearchAriVC.m */ = {isa = PBXFileReference; fileEncoding = 4; lastKnownFileType = sourcecode.c.objc; path = SearchAriVC.m; sourceTree = "<group>"; };
		EA5B43321BD4EEAD009C044B /* SearchAri.storyboard */ = {isa = PBXFileReference; fileEncoding = 4; lastKnownFileType = file.storyboard; path = SearchAri.storyboard; sourceTree = "<group>"; };
		EA796ECC1BCB897300B58ED7 /* Foundation.framework */ = {isa = PBXFileReference; lastKnownFileType = wrapper.framework; name = Foundation.framework; path = System/Library/Frameworks/Foundation.framework; sourceTree = SDKROOT; };
		EA796ECE1BCB897A00B58ED7 /* UIKit.framework */ = {isa = PBXFileReference; lastKnownFileType = wrapper.framework; name = UIKit.framework; path = System/Library/Frameworks/UIKit.framework; sourceTree = SDKROOT; };
		EA796ED01BCB898200B58ED7 /* AssetsLibrary.framework */ = {isa = PBXFileReference; lastKnownFileType = wrapper.framework; name = AssetsLibrary.framework; path = System/Library/Frameworks/AssetsLibrary.framework; sourceTree = SDKROOT; };
		EA7A7BE61BC9475700CB9917 /* MyViewController.h */ = {isa = PBXFileReference; fileEncoding = 4; lastKnownFileType = sourcecode.c.h; path = MyViewController.h; sourceTree = "<group>"; };
		EA7A7BE71BC9475700CB9917 /* MyViewController.m */ = {isa = PBXFileReference; fileEncoding = 4; lastKnownFileType = sourcecode.c.objc; path = MyViewController.m; sourceTree = "<group>"; };
		EA7A7BED1BC9650A00CB9917 /* myView_bg.png */ = {isa = PBXFileReference; lastKnownFileType = image.png; path = myView_bg.png; sourceTree = "<group>"; };
		EA7A7BEF1BC969BD00CB9917 /* shijing@2x.png */ = {isa = PBXFileReference; lastKnownFileType = image.png; path = "shijing@2x.png"; sourceTree = "<group>"; };
		EA7A7BF11BC96B0600CB9917 /* wo@2x.png */ = {isa = PBXFileReference; lastKnownFileType = image.png; path = "wo@2x.png"; sourceTree = "<group>"; };
		EA7A7BF31BC9722000CB9917 /* CoreGraphics.framework */ = {isa = PBXFileReference; lastKnownFileType = wrapper.framework; name = CoreGraphics.framework; path = System/Library/Frameworks/CoreGraphics.framework; sourceTree = SDKROOT; };
		EA7A7C611BCB616200CB9917 /* SceneryViewController.h */ = {isa = PBXFileReference; fileEncoding = 4; lastKnownFileType = sourcecode.c.h; path = SceneryViewController.h; sourceTree = "<group>"; };
		EA7A7C621BCB616200CB9917 /* SceneryViewController.m */ = {isa = PBXFileReference; fileEncoding = 4; lastKnownFileType = sourcecode.c.objc; path = SceneryViewController.m; sourceTree = "<group>"; };
		EA7A7C651BCB692100CB9917 /* Snip20151012_3.png */ = {isa = PBXFileReference; lastKnownFileType = image.png; path = Snip20151012_3.png; sourceTree = "<group>"; };
		EA7A7C661BCB692100CB9917 /* Snip20151012_4.png */ = {isa = PBXFileReference; lastKnownFileType = image.png; path = Snip20151012_4.png; sourceTree = "<group>"; };
		EA7A7C671BCB692100CB9917 /* Snip20151012_2.png */ = {isa = PBXFileReference; lastKnownFileType = image.png; path = Snip20151012_2.png; sourceTree = "<group>"; };
		EA8A6B0A1BD62315001FEBF1 /* CCLocationManager.h */ = {isa = PBXFileReference; fileEncoding = 4; lastKnownFileType = sourcecode.c.h; path = CCLocationManager.h; sourceTree = "<group>"; };
		EA8A6B0B1BD62315001FEBF1 /* CCLocationManager.m */ = {isa = PBXFileReference; fileEncoding = 4; lastKnownFileType = sourcecode.c.objc; path = CCLocationManager.m; sourceTree = "<group>"; };
		EA8A6B0C1BD62315001FEBF1 /* CLLocation+YCLocation.h */ = {isa = PBXFileReference; fileEncoding = 4; lastKnownFileType = sourcecode.c.h; path = "CLLocation+YCLocation.h"; sourceTree = "<group>"; };
		EA8A6B0D1BD62315001FEBF1 /* CLLocation+YCLocation.m */ = {isa = PBXFileReference; fileEncoding = 4; lastKnownFileType = sourcecode.c.objc; path = "CLLocation+YCLocation.m"; sourceTree = "<group>"; };
		EA8A6B101BD62C35001FEBF1 /* location_icon.png */ = {isa = PBXFileReference; lastKnownFileType = image.png; path = location_icon.png; sourceTree = "<group>"; };
		EA8A6B121BD66C0B001FEBF1 /* Scenery.plist */ = {isa = PBXFileReference; fileEncoding = 4; lastKnownFileType = text.plist.xml; path = Scenery.plist; sourceTree = "<group>"; };
		EA97C3551BCD3AB000B9362F /* LeftViewController.h */ = {isa = PBXFileReference; fileEncoding = 4; lastKnownFileType = sourcecode.c.h; path = LeftViewController.h; sourceTree = "<group>"; };
		EA97C3561BCD3AB000B9362F /* LeftViewController.m */ = {isa = PBXFileReference; fileEncoding = 4; lastKnownFileType = sourcecode.c.objc; path = LeftViewController.m; sourceTree = "<group>"; };
		EA97C3581BCD61F800B9362F /* BaseTableViewController.h */ = {isa = PBXFileReference; fileEncoding = 4; lastKnownFileType = sourcecode.c.h; path = BaseTableViewController.h; sourceTree = "<group>"; };
		EA97C3591BCD61F800B9362F /* BaseTableViewController.m */ = {isa = PBXFileReference; fileEncoding = 4; lastKnownFileType = sourcecode.c.objc; path = BaseTableViewController.m; sourceTree = "<group>"; };
		EA97C35B1BCD643C00B9362F /* WeatherViewController.h */ = {isa = PBXFileReference; fileEncoding = 4; lastKnownFileType = sourcecode.c.h; path = WeatherViewController.h; sourceTree = "<group>"; };
		EA97C35C1BCD643C00B9362F /* WeatherViewController.m */ = {isa = PBXFileReference; fileEncoding = 4; lastKnownFileType = sourcecode.c.objc; path = WeatherViewController.m; sourceTree = "<group>"; };
		EA97C35E1BCD876600B9362F /* 1.png */ = {isa = PBXFileReference; lastKnownFileType = image.png; path = 1.png; sourceTree = "<group>"; };
		EA97C35F1BCD876600B9362F /* 2.png */ = {isa = PBXFileReference; lastKnownFileType = image.png; path = 2.png; sourceTree = "<group>"; };
		EA97C3601BCD876600B9362F /* 3.png */ = {isa = PBXFileReference; lastKnownFileType = image.png; path = 3.png; sourceTree = "<group>"; };
		EA97C3611BCD876600B9362F /* 4.png */ = {isa = PBXFileReference; lastKnownFileType = image.png; path = 4.png; sourceTree = "<group>"; };
		EA97C3661BCD956700B9362F /* bg.png */ = {isa = PBXFileReference; lastKnownFileType = image.png; path = bg.png; sourceTree = "<group>"; };
		EAAE84DE1BD4CEEC00C9743A /* weatherCellView.h */ = {isa = PBXFileReference; fileEncoding = 4; lastKnownFileType = sourcecode.c.h; path = weatherCellView.h; sourceTree = "<group>"; };
		EAAE84DF1BD4CEEC00C9743A /* weatherCellView.m */ = {isa = PBXFileReference; fileEncoding = 4; lastKnownFileType = sourcecode.c.objc; path = weatherCellView.m; sourceTree = "<group>"; };
		EAB7E8351BC81A1C0049F58D /* Weather.app */ = {isa = PBXFileReference; explicitFileType = wrapper.application; includeInIndex = 0; path = Weather.app; sourceTree = BUILT_PRODUCTS_DIR; };
		EAB7E8391BC81A1C0049F58D /* main.m */ = {isa = PBXFileReference; lastKnownFileType = sourcecode.c.objc; path = main.m; sourceTree = "<group>"; };
		EAB7E83B1BC81A1C0049F58D /* AppDelegate.h */ = {isa = PBXFileReference; lastKnownFileType = sourcecode.c.h; path = AppDelegate.h; sourceTree = "<group>"; };
		EAB7E83C1BC81A1D0049F58D /* AppDelegate.m */ = {isa = PBXFileReference; lastKnownFileType = sourcecode.c.objc; path = AppDelegate.m; sourceTree = "<group>"; };
		EAB7E8421BC81A1D0049F58D /* Base */ = {isa = PBXFileReference; lastKnownFileType = file.storyboard; name = Base; path = Base.lproj/Main.storyboard; sourceTree = "<group>"; };
		EAB7E8441BC81A1D0049F58D /* Assets.xcassets */ = {isa = PBXFileReference; lastKnownFileType = folder.assetcatalog; path = Assets.xcassets; sourceTree = "<group>"; };
		EAB7E8471BC81A1D0049F58D /* Base */ = {isa = PBXFileReference; lastKnownFileType = file.storyboard; name = Base; path = Base.lproj/LaunchScreen.storyboard; sourceTree = "<group>"; };
		EAB7E8491BC81A1D0049F58D /* Info.plist */ = {isa = PBXFileReference; lastKnownFileType = text.plist.xml; path = Info.plist; sourceTree = "<group>"; };
		EAB7E84E1BC81A1D0049F58D /* WeatherTests.xctest */ = {isa = PBXFileReference; explicitFileType = wrapper.cfbundle; includeInIndex = 0; path = WeatherTests.xctest; sourceTree = BUILT_PRODUCTS_DIR; };
		EAB7E8521BC81A1D0049F58D /* WeatherTests.m */ = {isa = PBXFileReference; lastKnownFileType = sourcecode.c.objc; path = WeatherTests.m; sourceTree = "<group>"; };
		EAB7E8541BC81A1D0049F58D /* Info.plist */ = {isa = PBXFileReference; lastKnownFileType = text.plist.xml; path = Info.plist; sourceTree = "<group>"; };
		EAB7E8591BC81A1D0049F58D /* WeatherUITests.xctest */ = {isa = PBXFileReference; explicitFileType = wrapper.cfbundle; includeInIndex = 0; path = WeatherUITests.xctest; sourceTree = BUILT_PRODUCTS_DIR; };
		EAB7E85D1BC81A1D0049F58D /* WeatherUITests.m */ = {isa = PBXFileReference; lastKnownFileType = sourcecode.c.objc; path = WeatherUITests.m; sourceTree = "<group>"; };
		EAB7E85F1BC81A1D0049F58D /* Info.plist */ = {isa = PBXFileReference; lastKnownFileType = text.plist.xml; path = Info.plist; sourceTree = "<group>"; };
		EAB7E86E1BC8E0960049F58D /* BaseNavigationController.h */ = {isa = PBXFileReference; fileEncoding = 4; lastKnownFileType = sourcecode.c.h; path = BaseNavigationController.h; sourceTree = "<group>"; };
		EAB7E86F1BC8E0960049F58D /* BaseNavigationController.m */ = {isa = PBXFileReference; fileEncoding = 4; lastKnownFileType = sourcecode.c.objc; path = BaseNavigationController.m; sourceTree = "<group>"; };
		EAB7E8721BC8E1450049F58D /* WeatherNavigationController.h */ = {isa = PBXFileReference; fileEncoding = 4; lastKnownFileType = sourcecode.c.h; path = WeatherNavigationController.h; sourceTree = "<group>"; };
		EAB7E8731BC8E1450049F58D /* WeatherNavigationController.m */ = {isa = PBXFileReference; fileEncoding = 4; lastKnownFileType = sourcecode.c.objc; path = WeatherNavigationController.m; sourceTree = "<group>"; };
		EAB7E8761BC8E1D70049F58D /* SceneryNavigationController.h */ = {isa = PBXFileReference; fileEncoding = 4; lastKnownFileType = sourcecode.c.h; path = SceneryNavigationController.h; sourceTree = "<group>"; };
		EAB7E8771BC8E1D70049F58D /* SceneryNavigationController.m */ = {isa = PBXFileReference; fileEncoding = 4; lastKnownFileType = sourcecode.c.objc; path = SceneryNavigationController.m; sourceTree = "<group>"; };
		EAB7E87A1BC8E2030049F58D /* MyNavigationController.h */ = {isa = PBXFileReference; fileEncoding = 4; lastKnownFileType = sourcecode.c.h; path = MyNavigationController.h; sourceTree = "<group>"; };
		EAB7E87B1BC8E2030049F58D /* MyNavigationController.m */ = {isa = PBXFileReference; fileEncoding = 4; lastKnownFileType = sourcecode.c.objc; path = MyNavigationController.m; sourceTree = "<group>"; };
		EAB7E87D1BC8E60E0049F58D /* BaseViewController.h */ = {isa = PBXFileReference; fileEncoding = 4; lastKnownFileType = sourcecode.c.h; path = BaseViewController.h; sourceTree = "<group>"; };
		EAB7E87E1BC8E60E0049F58D /* BaseViewController.m */ = {isa = PBXFileReference; fileEncoding = 4; lastKnownFileType = sourcecode.c.objc; path = BaseViewController.m; sourceTree = "<group>"; };
		EAB7E8841BC8F3EA0049F58D /* navi_bg.png */ = {isa = PBXFileReference; lastKnownFileType = image.png; path = navi_bg.png; sourceTree = "<group>"; };
		EAB7E8851BC8F3EA0049F58D /* bar_bg.png */ = {isa = PBXFileReference; lastKnownFileType = image.png; path = bar_bg.png; sourceTree = "<group>"; };
		EAC7A5051BC8FB5500936F5C /* weather-broken.png */ = {isa = PBXFileReference; lastKnownFileType = image.png; path = "weather-broken.png"; sourceTree = "<group>"; };
		EAC7A5061BC8FB5500936F5C /* weather-broken@2x.png */ = {isa = PBXFileReference; lastKnownFileType = image.png; path = "weather-broken@2x.png"; sourceTree = "<group>"; };
		EAC7A5071BC8FB5500936F5C /* weather-clear.png */ = {isa = PBXFileReference; lastKnownFileType = image.png; path = "weather-clear.png"; sourceTree = "<group>"; };
		EAC7A5081BC8FB5500936F5C /* weather-clear@2x.png */ = {isa = PBXFileReference; lastKnownFileType = image.png; path = "weather-clear@2x.png"; sourceTree = "<group>"; };
		EAC7A5091BC8FB5500936F5C /* weather-few-night.png */ = {isa = PBXFileReference; lastKnownFileType = image.png; path = "weather-few-night.png"; sourceTree = "<group>"; };
		EAC7A50A1BC8FB5500936F5C /* weather-few-night@2x.png */ = {isa = PBXFileReference; lastKnownFileType = image.png; path = "weather-few-night@2x.png"; sourceTree = "<group>"; };
		EAC7A50B1BC8FB5500936F5C /* weather-few.png */ = {isa = PBXFileReference; lastKnownFileType = image.png; path = "weather-few.png"; sourceTree = "<group>"; };
		EAC7A50C1BC8FB5500936F5C /* weather-few@2x.png */ = {isa = PBXFileReference; lastKnownFileType = image.png; path = "weather-few@2x.png"; sourceTree = "<group>"; };
		EAC7A50D1BC8FB5500936F5C /* weather-mist.png */ = {isa = PBXFileReference; lastKnownFileType = image.png; path = "weather-mist.png"; sourceTree = "<group>"; };
		EAC7A50E1BC8FB5500936F5C /* weather-mist@2x.png */ = {isa = PBXFileReference; lastKnownFileType = image.png; path = "weather-mist@2x.png"; sourceTree = "<group>"; };
		EAC7A50F1BC8FB5500936F5C /* weather-moon.png */ = {isa = PBXFileReference; lastKnownFileType = image.png; path = "weather-moon.png"; sourceTree = "<group>"; };
		EAC7A5101BC8FB5500936F5C /* weather-moon@2x.png */ = {isa = PBXFileReference; lastKnownFileType = image.png; path = "weather-moon@2x.png"; sourceTree = "<group>"; };
		EAC7A5111BC8FB5500936F5C /* weather-rain-night.png */ = {isa = PBXFileReference; lastKnownFileType = image.png; path = "weather-rain-night.png"; sourceTree = "<group>"; };
		EAC7A5121BC8FB5500936F5C /* weather-rain-night@2x.png */ = {isa = PBXFileReference; lastKnownFileType = image.png; path = "weather-rain-night@2x.png"; sourceTree = "<group>"; };
		EAC7A5131BC8FB5500936F5C /* weather-rain.png */ = {isa = PBXFileReference; lastKnownFileType = image.png; path = "weather-rain.png"; sourceTree = "<group>"; };
		EAC7A5141BC8FB5500936F5C /* weather-rain@2x.png */ = {isa = PBXFileReference; lastKnownFileType = image.png; path = "weather-rain@2x.png"; sourceTree = "<group>"; };
		EAC7A5151BC8FB5500936F5C /* weather-scattered.png */ = {isa = PBXFileReference; lastKnownFileType = image.png; path = "weather-scattered.png"; sourceTree = "<group>"; };
		EAC7A5161BC8FB5500936F5C /* weather-scattered@2x.png */ = {isa = PBXFileReference; lastKnownFileType = image.png; path = "weather-scattered@2x.png"; sourceTree = "<group>"; };
		EAC7A5171BC8FB5500936F5C /* weather-shower.png */ = {isa = PBXFileReference; lastKnownFileType = image.png; path = "weather-shower.png"; sourceTree = "<group>"; };
		EAC7A5181BC8FB5500936F5C /* weather-shower@2x.png */ = {isa = PBXFileReference; lastKnownFileType = image.png; path = "weather-shower@2x.png"; sourceTree = "<group>"; };
		EAC7A5191BC8FB5500936F5C /* weather-snow.png */ = {isa = PBXFileReference; lastKnownFileType = image.png; path = "weather-snow.png"; sourceTree = "<group>"; };
		EAC7A51A1BC8FB5500936F5C /* weather-snow@2x.png */ = {isa = PBXFileReference; lastKnownFileType = image.png; path = "weather-snow@2x.png"; sourceTree = "<group>"; };
		EAC7A51B1BC8FB5500936F5C /* weather-tstorm.png */ = {isa = PBXFileReference; lastKnownFileType = image.png; path = "weather-tstorm.png"; sourceTree = "<group>"; };
		EAC7A51C1BC8FB5500936F5C /* weather-tstorm@2x.png */ = {isa = PBXFileReference; lastKnownFileType = image.png; path = "weather-tstorm@2x.png"; sourceTree = "<group>"; };
		EAD460E81BD0E90300325448 /* LeftNaviController.h */ = {isa = PBXFileReference; fileEncoding = 4; lastKnownFileType = sourcecode.c.h; path = LeftNaviController.h; sourceTree = "<group>"; };
		EAD460E91BD0E90300325448 /* LeftNaviController.m */ = {isa = PBXFileReference; fileEncoding = 4; lastKnownFileType = sourcecode.c.objc; path = LeftNaviController.m; sourceTree = "<group>"; };
		EAD460EB1BD0F0D500325448 /* weather-clear2@2x.png */ = {isa = PBXFileReference; lastKnownFileType = image.png; name = "weather-clear2@2x.png"; path = "zhishuIcon/weather-clear2@2x.png"; sourceTree = "<group>"; };
		EAD460ED1BD1130400325448 /* mojiYunQu.png */ = {isa = PBXFileReference; lastKnownFileType = image.png; path = mojiYunQu.png; sourceTree = "<group>"; };
		EAD460F71BD171FC00325448 /* leftIcon_1.png */ = {isa = PBXFileReference; lastKnownFileType = image.png; path = leftIcon_1.png; sourceTree = "<group>"; };
		EAD460F81BD171FC00325448 /* leftIcon_2.png */ = {isa = PBXFileReference; lastKnownFileType = image.png; path = leftIcon_2.png; sourceTree = "<group>"; };
		EAE489CC1BCE73CA00AFE65A /* Config.h */ = {isa = PBXFileReference; fileEncoding = 4; lastKnownFileType = sourcecode.c.h; path = Config.h; sourceTree = "<group>"; };
		EAE489CD1BCE73CA00AFE65A /* Config.m */ = {isa = PBXFileReference; fileEncoding = 4; lastKnownFileType = sourcecode.c.objc; path = Config.m; sourceTree = "<group>"; };
		EAE489D11BCEDE4100AFE65A /* cartoon_2.png */ = {isa = PBXFileReference; lastKnownFileType = image.png; path = cartoon_2.png; sourceTree = "<group>"; };
		EAE489D21BCEDE4100AFE65A /* cartoon_1.png */ = {isa = PBXFileReference; lastKnownFileType = image.png; path = cartoon_1.png; sourceTree = "<group>"; };
		EAE96F9F1BD8AD25001E80DC /* SceneryImageviewController.h */ = {isa = PBXFileReference; fileEncoding = 4; lastKnownFileType = sourcecode.c.h; path = SceneryImageviewController.h; sourceTree = "<group>"; };
		EAE96FA01BD8AD25001E80DC /* SceneryImageviewController.m */ = {isa = PBXFileReference; fileEncoding = 4; lastKnownFileType = sourcecode.c.objc; path = SceneryImageviewController.m; sourceTree = "<group>"; };
		EAEBEE971BD2236F00CBD561 /* CoreLocation.framework */ = {isa = PBXFileReference; lastKnownFileType = wrapper.framework; name = CoreLocation.framework; path = System/Library/Frameworks/CoreLocation.framework; sourceTree = SDKROOT; };
		EAEBEE9C1BD2374F00CBD561 /* SearchCityVC.h */ = {isa = PBXFileReference; fileEncoding = 4; lastKnownFileType = sourcecode.c.h; path = SearchCityVC.h; sourceTree = "<group>"; };
		EAEBEE9D1BD2374F00CBD561 /* SearchCityVC.m */ = {isa = PBXFileReference; fileEncoding = 4; lastKnownFileType = sourcecode.c.objc; path = SearchCityVC.m; sourceTree = "<group>"; };
		EAEBEEA91BD29FA700CBD561 /* City.plist */ = {isa = PBXFileReference; fileEncoding = 4; lastKnownFileType = text.plist.xml; path = City.plist; sourceTree = "<group>"; };
		EAEBEEAF1BD2B1C300CBD561 /* Search_backView.jpg */ = {isa = PBXFileReference; lastKnownFileType = image.jpeg; path = Search_backView.jpg; sourceTree = "<group>"; };
		EAEBEEB31BD2C11700CBD561 /* back.png */ = {isa = PBXFileReference; lastKnownFileType = image.png; path = back.png; sourceTree = "<group>"; };
		EAEE48B61BD5622000DC38BC /* refresh_1.png */ = {isa = PBXFileReference; lastKnownFileType = image.png; path = refresh_1.png; sourceTree = "<group>"; };
		EAEE48B71BD5622000DC38BC /* refresh_2.png */ = {isa = PBXFileReference; lastKnownFileType = image.png; path = refresh_2.png; sourceTree = "<group>"; };
		EAEE48B81BD5622000DC38BC /* refresh_3.png */ = {isa = PBXFileReference; lastKnownFileType = image.png; path = refresh_3.png; sourceTree = "<group>"; };
		EAF888751BD754CB00B43790 /* UUBar.h */ = {isa = PBXFileReference; fileEncoding = 4; lastKnownFileType = sourcecode.c.h; path = UUBar.h; sourceTree = "<group>"; };
		EAF888761BD754CB00B43790 /* UUBar.m */ = {isa = PBXFileReference; fileEncoding = 4; lastKnownFileType = sourcecode.c.objc; path = UUBar.m; sourceTree = "<group>"; };
		EAF888771BD754CB00B43790 /* UUBarChart.h */ = {isa = PBXFileReference; fileEncoding = 4; lastKnownFileType = sourcecode.c.h; path = UUBarChart.h; sourceTree = "<group>"; };
		EAF888781BD754CB00B43790 /* UUBarChart.m */ = {isa = PBXFileReference; fileEncoding = 4; lastKnownFileType = sourcecode.c.objc; path = UUBarChart.m; sourceTree = "<group>"; };
		EAF888791BD754CB00B43790 /* UUChart.h */ = {isa = PBXFileReference; fileEncoding = 4; lastKnownFileType = sourcecode.c.h; path = UUChart.h; sourceTree = "<group>"; };
		EAF8887A1BD754CB00B43790 /* UUChart.m */ = {isa = PBXFileReference; fileEncoding = 4; lastKnownFileType = sourcecode.c.objc; path = UUChart.m; sourceTree = "<group>"; };
		EAF8887B1BD754CB00B43790 /* UUChartLabel.h */ = {isa = PBXFileReference; fileEncoding = 4; lastKnownFileType = sourcecode.c.h; path = UUChartLabel.h; sourceTree = "<group>"; };
		EAF8887C1BD754CB00B43790 /* UUChartLabel.m */ = {isa = PBXFileReference; fileEncoding = 4; lastKnownFileType = sourcecode.c.objc; path = UUChartLabel.m; sourceTree = "<group>"; };
		EAF8887D1BD754CB00B43790 /* UUColor.h */ = {isa = PBXFileReference; fileEncoding = 4; lastKnownFileType = sourcecode.c.h; path = UUColor.h; sourceTree = "<group>"; };
		EAF8887E1BD754CB00B43790 /* UUColor.m */ = {isa = PBXFileReference; fileEncoding = 4; lastKnownFileType = sourcecode.c.objc; path = UUColor.m; sourceTree = "<group>"; };
		EAF8887F1BD754CB00B43790 /* UULineChart.h */ = {isa = PBXFileReference; fileEncoding = 4; lastKnownFileType = sourcecode.c.h; path = UULineChart.h; sourceTree = "<group>"; };
		EAF888801BD754CB00B43790 /* UULineChart.m */ = {isa = PBXFileReference; fileEncoding = 4; lastKnownFileType = sourcecode.c.objc; path = UULineChart.m; sourceTree = "<group>"; };
		EAF888881BD76C5600B43790 /* LoginViewController.h */ = {isa = PBXFileReference; fileEncoding = 4; lastKnownFileType = sourcecode.c.h; path = LoginViewController.h; sourceTree = "<group>"; };
		EAF888891BD76C5600B43790 /* LoginViewController.m */ = {isa = PBXFileReference; fileEncoding = 4; lastKnownFileType = sourcecode.c.objc; path = LoginViewController.m; sourceTree = "<group>"; };
		EAF8888B1BD76C6D00B43790 /* Login.storyboard */ = {isa = PBXFileReference; fileEncoding = 4; lastKnownFileType = file.storyboard; path = Login.storyboard; sourceTree = "<group>"; };
/* End PBXFileReference section */

/* Begin PBXFrameworksBuildPhase section */
		EAB7E8321BC81A1C0049F58D /* Frameworks */ = {
			isa = PBXFrameworksBuildPhase;
			buildActionMask = 2147483647;
			files = (
				EAEBEE981BD2236F00CBD561 /* CoreLocation.framework in Frameworks */,
				EA796ED11BCB898200B58ED7 /* AssetsLibrary.framework in Frameworks */,
				EA796ECF1BCB897A00B58ED7 /* UIKit.framework in Frameworks */,
				EA796ECD1BCB897300B58ED7 /* Foundation.framework in Frameworks */,
				EA7A7BF41BC9722000CB9917 /* CoreGraphics.framework in Frameworks */,
				CD35691A326A126B5F569213 /* libPods.a in Frameworks */,
			);
			runOnlyForDeploymentPostprocessing = 0;
		};
		EAB7E84B1BC81A1D0049F58D /* Frameworks */ = {
			isa = PBXFrameworksBuildPhase;
			buildActionMask = 2147483647;
			files = (
			);
			runOnlyForDeploymentPostprocessing = 0;
		};
		EAB7E8561BC81A1D0049F58D /* Frameworks */ = {
			isa = PBXFrameworksBuildPhase;
			buildActionMask = 2147483647;
			files = (
			);
			runOnlyForDeploymentPostprocessing = 0;
		};
/* End PBXFrameworksBuildPhase section */

/* Begin PBXGroup section */
		96B0241E64C2538D6278E62F /* Pods */ = {
			isa = PBXGroup;
			children = (
				BDA21021246AEE5A07AEA285 /* Pods.debug.xcconfig */,
				C79328E3F1D775E3DAF54486 /* Pods.release.xcconfig */,
			);
			name = Pods;
			sourceTree = "<group>";
		};
		9AE6D9C05E791A3981BCA980 /* Frameworks */ = {
			isa = PBXGroup;
			children = (
				EAEBEE971BD2236F00CBD561 /* CoreLocation.framework */,
				EA796ED01BCB898200B58ED7 /* AssetsLibrary.framework */,
				EA796ECE1BCB897A00B58ED7 /* UIKit.framework */,
				EA796ECC1BCB897300B58ED7 /* Foundation.framework */,
				EA7A7BF31BC9722000CB9917 /* CoreGraphics.framework */,
				79D18B6C5246A55B45CB5059 /* libPods.a */,
			);
			name = Frameworks;
			sourceTree = "<group>";
		};
		EA1896201BCC1BEF0048A983 /* Catagory */ = {
			isa = PBXGroup;
			children = (
				EA1896311BCC1BEF0048A983 /* ScalableCover */,
			);
			path = Catagory;
			sourceTree = "<group>";
		};
		EA1896311BCC1BEF0048A983 /* ScalableCover */ = {
			isa = PBXGroup;
			children = (
				EA1896321BCC1BEF0048A983 /* UIScrollView+ScalableCover.h */,
				EA1896331BCC1BEF0048A983 /* UIScrollView+ScalableCover.m */,
			);
			path = ScalableCover;
			sourceTree = "<group>";
		};
		EA21EDBF1BC90B860082CB25 /* TabBar */ = {
			isa = PBXGroup;
			children = (
				EA21EDC01BC90BC00082CB25 /* TabBarController.h */,
				EA21EDC11BC90BC00082CB25 /* TabBarController.m */,
			);
			name = TabBar;
			sourceTree = "<group>";
		};
		EA2EC6E71BCFD59B003881EC /* zhishuIcon */ = {
			isa = PBXGroup;
			children = (
				EA2EC6E81BCFD59B003881EC /* chuanyi.png */,
				EA2EC6E91BCFD59B003881EC /* ganmao.png */,
				EA2EC6EA1BCFD59B003881EC /* lvyou.png */,
				EA2EC6EB1BCFD59B003881EC /* xiche.png */,
				EA2EC6EC1BCFD59B003881EC /* yundong.png */,
				EA2EC6ED1BCFD59B003881EC /* ziwaixian.png */,
			);
			path = zhishuIcon;
			sourceTree = "<group>";
		};
		EA7A7BF51BCA635500CB9917 /* Utils */ = {
			isa = PBXGroup;
			children = (
				EA1896201BCC1BEF0048A983 /* Catagory */,
			);
			name = Utils;
			sourceTree = "<group>";
		};
		EA7A7C641BCB68FB00CB9917 /* scrollPic */ = {
			isa = PBXGroup;
			children = (
				EA7A7C651BCB692100CB9917 /* Snip20151012_3.png */,
				EA7A7C661BCB692100CB9917 /* Snip20151012_4.png */,
				EA7A7C671BCB692100CB9917 /* Snip20151012_2.png */,
			);
			name = scrollPic;
			sourceTree = "<group>";
		};
		EA8A6B091BD62315001FEBF1 /* CCLocation */ = {
			isa = PBXGroup;
			children = (
				EA8A6B0A1BD62315001FEBF1 /* CCLocationManager.h */,
				EA8A6B0B1BD62315001FEBF1 /* CCLocationManager.m */,
				EA8A6B0C1BD62315001FEBF1 /* CLLocation+YCLocation.h */,
				EA8A6B0D1BD62315001FEBF1 /* CLLocation+YCLocation.m */,
			);
			path = CCLocation;
			sourceTree = "<group>";
		};
		EA97C3501BCD3A1D00B9362F /* RootViewController */ = {
			isa = PBXGroup;
			children = (
				EA12F0901BD02432001BCB60 /* RootController.h */,
				EA12F0911BD02432001BCB60 /* RootController.m */,
			);
			name = RootViewController;
			sourceTree = "<group>";
		};
		EA97C3541BCD3A8600B9362F /* Left */ = {
			isa = PBXGroup;
			children = (
				EAD460E81BD0E90300325448 /* LeftNaviController.h */,
				EAD460E91BD0E90300325448 /* LeftNaviController.m */,
				EA97C3551BCD3AB000B9362F /* LeftViewController.h */,
				EA97C3561BCD3AB000B9362F /* LeftViewController.m */,
				EAEBEE9F1BD2375700CBD561 /* search */,
			);
			name = Left;
			sourceTree = "<group>";
		};
		EAB7E82C1BC81A1C0049F58D = {
			isa = PBXGroup;
			children = (
				EAB7E8371BC81A1C0049F58D /* Weather */,
				EAB7E8511BC81A1D0049F58D /* WeatherTests */,
				EAB7E85C1BC81A1D0049F58D /* WeatherUITests */,
				EAB7E8361BC81A1C0049F58D /* Products */,
				96B0241E64C2538D6278E62F /* Pods */,
				9AE6D9C05E791A3981BCA980 /* Frameworks */,
			);
			sourceTree = "<group>";
		};
		EAB7E8361BC81A1C0049F58D /* Products */ = {
			isa = PBXGroup;
			children = (
				EAB7E8351BC81A1C0049F58D /* Weather.app */,
				EAB7E84E1BC81A1D0049F58D /* WeatherTests.xctest */,
				EAB7E8591BC81A1D0049F58D /* WeatherUITests.xctest */,
			);
			name = Products;
			sourceTree = "<group>";
		};
		EAB7E8371BC81A1C0049F58D /* Weather */ = {
			isa = PBXGroup;
			children = (
				EAB7E83B1BC81A1C0049F58D /* AppDelegate.h */,
				EAB7E83C1BC81A1D0049F58D /* AppDelegate.m */,
				EAB7E8411BC81A1D0049F58D /* Main.storyboard */,
				EA97C3501BCD3A1D00B9362F /* RootViewController */,
				EAB7E86D1BC8E0450049F58D /* BaseClass */,
				EA21EDBF1BC90B860082CB25 /* TabBar */,
				EA97C3541BCD3A8600B9362F /* Left */,
				EAB7E8711BC8E0D10049F58D /* weather */,
				EAB7E8751BC8E1510049F58D /* Scenery */,
				EAB7E8791BC8E1DD0049F58D /* Center */,
				EACD44F11BC92F290021B72E /* Models */,
				EA7A7BF51BCA635500CB9917 /* Utils */,
				EAB7E8831BC8F3C00049F58D /* SourceFile */,
				EAB7E8381BC81A1C0049F58D /* Supporting Files */,
			);
			path = Weather;
			sourceTree = "<group>";
		};
		EAB7E8381BC81A1C0049F58D /* Supporting Files */ = {
			isa = PBXGroup;
			children = (
				EAB7E8441BC81A1D0049F58D /* Assets.xcassets */,
				EAB7E8461BC81A1D0049F58D /* LaunchScreen.storyboard */,
				EAB7E8491BC81A1D0049F58D /* Info.plist */,
				EAB7E8391BC81A1C0049F58D /* main.m */,
				EAEBEEA91BD29FA700CBD561 /* City.plist */,
				EA8A6B121BD66C0B001FEBF1 /* Scenery.plist */,
			);
			name = "Supporting Files";
			sourceTree = "<group>";
		};
		EAB7E8511BC81A1D0049F58D /* WeatherTests */ = {
			isa = PBXGroup;
			children = (
				EAB7E8521BC81A1D0049F58D /* WeatherTests.m */,
				EAB7E8541BC81A1D0049F58D /* Info.plist */,
			);
			path = WeatherTests;
			sourceTree = "<group>";
		};
		EAB7E85C1BC81A1D0049F58D /* WeatherUITests */ = {
			isa = PBXGroup;
			children = (
				EAB7E85D1BC81A1D0049F58D /* WeatherUITests.m */,
				EAB7E85F1BC81A1D0049F58D /* Info.plist */,
			);
			path = WeatherUITests;
			sourceTree = "<group>";
		};
		EAB7E86D1BC8E0450049F58D /* BaseClass */ = {
			isa = PBXGroup;
			children = (
				EAB7E86E1BC8E0960049F58D /* BaseNavigationController.h */,
				EAB7E86F1BC8E0960049F58D /* BaseNavigationController.m */,
				EAB7E87D1BC8E60E0049F58D /* BaseViewController.h */,
				EAB7E87E1BC8E60E0049F58D /* BaseViewController.m */,
				EA97C3581BCD61F800B9362F /* BaseTableViewController.h */,
				EA97C3591BCD61F800B9362F /* BaseTableViewController.m */,
			);
			name = BaseClass;
			sourceTree = "<group>";
		};
		EAB7E8711BC8E0D10049F58D /* weather */ = {
			isa = PBXGroup;
			children = (
				EAB7E8721BC8E1450049F58D /* WeatherNavigationController.h */,
				EAB7E8731BC8E1450049F58D /* WeatherNavigationController.m */,
				EA97C35B1BCD643C00B9362F /* WeatherViewController.h */,
				EA97C35C1BCD643C00B9362F /* WeatherViewController.m */,
				EAEBEEA01BD2377500CBD561 /* cellModel */,
			);
			name = weather;
			sourceTree = "<group>";
		};
		EAB7E8751BC8E1510049F58D /* Scenery */ = {
			isa = PBXGroup;
			children = (
				EAB7E8761BC8E1D70049F58D /* SceneryNavigationController.h */,
				EAB7E8771BC8E1D70049F58D /* SceneryNavigationController.m */,
				EA7A7C611BCB616200CB9917 /* SceneryViewController.h */,
				EA7A7C621BCB616200CB9917 /* SceneryViewController.m */,
				EAE96F9F1BD8AD25001E80DC /* SceneryImageviewController.h */,
				EAE96FA01BD8AD25001E80DC /* SceneryImageviewController.m */,
			);
			name = Scenery;
			sourceTree = "<group>";
		};
		EAB7E8791BC8E1DD0049F58D /* Center */ = {
			isa = PBXGroup;
			children = (
				EAB7E87A1BC8E2030049F58D /* MyNavigationController.h */,
				EAB7E87B1BC8E2030049F58D /* MyNavigationController.m */,
				EA7A7BE61BC9475700CB9917 /* MyViewController.h */,
				EA7A7BE71BC9475700CB9917 /* MyViewController.m */,
				EAF888871BD76C1600B43790 /* Login */,
			);
			name = Center;
			sourceTree = "<group>";
		};
		EAB7E8831BC8F3C00049F58D /* SourceFile */ = {
			isa = PBXGroup;
			children = (
				EAEE48AB1BD55A3B00DC38BC /* refresh */,
				EA2EC6E71BCFD59B003881EC /* zhishuIcon */,
				EA8A6B101BD62C35001FEBF1 /* location_icon.png */,
				EA5B432D1BD4EBB6009C044B /* ariView_bg.png */,
				EA5B43271BD4E73A009C044B /* navi_bg_2.png */,
				EAEBEEB31BD2C11700CBD561 /* back.png */,
				EAEBEEAF1BD2B1C300CBD561 /* Search_backView.jpg */,
				EAE489D11BCEDE4100AFE65A /* cartoon_2.png */,
				EAD460ED1BD1130400325448 /* mojiYunQu.png */,
				EAE489D21BCEDE4100AFE65A /* cartoon_1.png */,
				EA1896541BCC2AA50048A983 /* Snip20151013_1.png */,
				EAD460EB1BD0F0D500325448 /* weather-clear2@2x.png */,
				EA7A7C641BCB68FB00CB9917 /* scrollPic */,
				EAC7A5041BC8FB5500936F5C /* Weather Icons */,
				EAD460F71BD171FC00325448 /* leftIcon_1.png */,
				EAD460F81BD171FC00325448 /* leftIcon_2.png */,
				EA97C3661BCD956700B9362F /* bg.png */,
				EA7A7BEF1BC969BD00CB9917 /* shijing@2x.png */,
				EA7A7BED1BC9650A00CB9917 /* myView_bg.png */,
				EAB7E8841BC8F3EA0049F58D /* navi_bg.png */,
				EAB7E8851BC8F3EA0049F58D /* bar_bg.png */,
				EA7A7BF11BC96B0600CB9917 /* wo@2x.png */,
				EA97C35E1BCD876600B9362F /* 1.png */,
				EA97C35F1BCD876600B9362F /* 2.png */,
				EA97C3601BCD876600B9362F /* 3.png */,
				EA97C3611BCD876600B9362F /* 4.png */,
			);
			name = SourceFile;
			sourceTree = "<group>";
		};
		EAC7A5041BC8FB5500936F5C /* Weather Icons */ = {
			isa = PBXGroup;
			children = (
				EAC7A5051BC8FB5500936F5C /* weather-broken.png */,
				EAC7A5061BC8FB5500936F5C /* weather-broken@2x.png */,
				EAC7A5071BC8FB5500936F5C /* weather-clear.png */,
				EAC7A5081BC8FB5500936F5C /* weather-clear@2x.png */,
				EAC7A5091BC8FB5500936F5C /* weather-few-night.png */,
				EAC7A50A1BC8FB5500936F5C /* weather-few-night@2x.png */,
				EAC7A50B1BC8FB5500936F5C /* weather-few.png */,
				EAC7A50C1BC8FB5500936F5C /* weather-few@2x.png */,
				EAC7A50D1BC8FB5500936F5C /* weather-mist.png */,
				EAC7A50E1BC8FB5500936F5C /* weather-mist@2x.png */,
				EAC7A50F1BC8FB5500936F5C /* weather-moon.png */,
				EAC7A5101BC8FB5500936F5C /* weather-moon@2x.png */,
				EAC7A5111BC8FB5500936F5C /* weather-rain-night.png */,
				EAC7A5121BC8FB5500936F5C /* weather-rain-night@2x.png */,
				EAC7A5131BC8FB5500936F5C /* weather-rain.png */,
				EAC7A5141BC8FB5500936F5C /* weather-rain@2x.png */,
				EAC7A5151BC8FB5500936F5C /* weather-scattered.png */,
				EAC7A5161BC8FB5500936F5C /* weather-scattered@2x.png */,
				EAC7A5171BC8FB5500936F5C /* weather-shower.png */,
				EAC7A5181BC8FB5500936F5C /* weather-shower@2x.png */,
				EAC7A5191BC8FB5500936F5C /* weather-snow.png */,
				EAC7A51A1BC8FB5500936F5C /* weather-snow@2x.png */,
				EAC7A51B1BC8FB5500936F5C /* weather-tstorm.png */,
				EAC7A51C1BC8FB5500936F5C /* weather-tstorm@2x.png */,
			);
			path = "Weather Icons";
			sourceTree = "<group>";
		};
		EACD44F11BC92F290021B72E /* Models */ = {
			isa = PBXGroup;
			children = (
				EAE489CC1BCE73CA00AFE65A /* Config.h */,
				EAE489CD1BCE73CA00AFE65A /* Config.m */,
				EA8A6B091BD62315001FEBF1 /* CCLocation */,
			);
			name = Models;
			sourceTree = "<group>";
		};
		EAEBEE9F1BD2375700CBD561 /* search */ = {
			isa = PBXGroup;
			children = (
				EAEBEE9C1BD2374F00CBD561 /* SearchCityVC.h */,
				EAEBEE9D1BD2374F00CBD561 /* SearchCityVC.m */,
				EA5B432F1BD4EDE3009C044B /* SearchAriVC.h */,
				EA5B43301BD4EDE3009C044B /* SearchAriVC.m */,
				EA5B43321BD4EEAD009C044B /* SearchAri.storyboard */,
			);
			name = search;
			sourceTree = "<group>";
		};
		EAEBEEA01BD2377500CBD561 /* cellModel */ = {
			isa = PBXGroup;
			children = (
				EA2EC6E41BCFC505003881EC /* zhishuCell.h */,
				EA2EC6E51BCFC505003881EC /* zhishuCell.m */,
				EAAE84DE1BD4CEEC00C9743A /* weatherCellView.h */,
				EAAE84DF1BD4CEEC00C9743A /* weatherCellView.m */,
				EAF888741BD754CB00B43790 /* UUChart */,
			);
			name = cellModel;
			sourceTree = "<group>";
		};
		EAEE48AB1BD55A3B00DC38BC /* refresh */ = {
			isa = PBXGroup;
			children = (
				EAEE48B61BD5622000DC38BC /* refresh_1.png */,
				EAEE48B71BD5622000DC38BC /* refresh_2.png */,
				EAEE48B81BD5622000DC38BC /* refresh_3.png */,
			);
			name = refresh;
			sourceTree = "<group>";
		};
		EAF888741BD754CB00B43790 /* UUChart */ = {
			isa = PBXGroup;
			children = (
				EAF888751BD754CB00B43790 /* UUBar.h */,
				EAF888761BD754CB00B43790 /* UUBar.m */,
				EAF888771BD754CB00B43790 /* UUBarChart.h */,
				EAF888781BD754CB00B43790 /* UUBarChart.m */,
				EAF888791BD754CB00B43790 /* UUChart.h */,
				EAF8887A1BD754CB00B43790 /* UUChart.m */,
				EAF8887B1BD754CB00B43790 /* UUChartLabel.h */,
				EAF8887C1BD754CB00B43790 /* UUChartLabel.m */,
				EAF8887D1BD754CB00B43790 /* UUColor.h */,
				EAF8887E1BD754CB00B43790 /* UUColor.m */,
				EAF8887F1BD754CB00B43790 /* UULineChart.h */,
				EAF888801BD754CB00B43790 /* UULineChart.m */,
			);
			path = UUChart;
			sourceTree = "<group>";
		};
		EAF888871BD76C1600B43790 /* Login */ = {
			isa = PBXGroup;
			children = (
				EAF888881BD76C5600B43790 /* LoginViewController.h */,
				EAF888891BD76C5600B43790 /* LoginViewController.m */,
				EAF8888B1BD76C6D00B43790 /* Login.storyboard */,
			);
			name = Login;
			sourceTree = "<group>";
		};
/* End PBXGroup section */

/* Begin PBXNativeTarget section */
		EAB7E8341BC81A1C0049F58D /* Weather */ = {
			isa = PBXNativeTarget;
			buildConfigurationList = EAB7E8621BC81A1D0049F58D /* Build configuration list for PBXNativeTarget "Weather" */;
			buildPhases = (
				D88DB4C651E1854DC45D3704 /* Check Pods Manifest.lock */,
				EAB7E8311BC81A1C0049F58D /* Sources */,
				EAB7E8321BC81A1C0049F58D /* Frameworks */,
				EAB7E8331BC81A1C0049F58D /* Resources */,
				F95DE90EB92C072E1B276243 /* Copy Pods Resources */,
			);
			buildRules = (
			);
			dependencies = (
			);
			name = Weather;
			productName = Weather;
			productReference = EAB7E8351BC81A1C0049F58D /* Weather.app */;
			productType = "com.apple.product-type.application";
		};
		EAB7E84D1BC81A1D0049F58D /* WeatherTests */ = {
			isa = PBXNativeTarget;
			buildConfigurationList = EAB7E8651BC81A1D0049F58D /* Build configuration list for PBXNativeTarget "WeatherTests" */;
			buildPhases = (
				EAB7E84A1BC81A1D0049F58D /* Sources */,
				EAB7E84B1BC81A1D0049F58D /* Frameworks */,
				EAB7E84C1BC81A1D0049F58D /* Resources */,
			);
			buildRules = (
			);
			dependencies = (
				EAB7E8501BC81A1D0049F58D /* PBXTargetDependency */,
			);
			name = WeatherTests;
			productName = WeatherTests;
			productReference = EAB7E84E1BC81A1D0049F58D /* WeatherTests.xctest */;
			productType = "com.apple.product-type.bundle.unit-test";
		};
		EAB7E8581BC81A1D0049F58D /* WeatherUITests */ = {
			isa = PBXNativeTarget;
			buildConfigurationList = EAB7E8681BC81A1D0049F58D /* Build configuration list for PBXNativeTarget "WeatherUITests" */;
			buildPhases = (
				EAB7E8551BC81A1D0049F58D /* Sources */,
				EAB7E8561BC81A1D0049F58D /* Frameworks */,
				EAB7E8571BC81A1D0049F58D /* Resources */,
			);
			buildRules = (
			);
			dependencies = (
				EAB7E85B1BC81A1D0049F58D /* PBXTargetDependency */,
			);
			name = WeatherUITests;
			productName = WeatherUITests;
			productReference = EAB7E8591BC81A1D0049F58D /* WeatherUITests.xctest */;
			productType = "com.apple.product-type.bundle.ui-testing";
		};
/* End PBXNativeTarget section */

/* Begin PBXProject section */
		EAB7E82D1BC81A1C0049F58D /* Project object */ = {
			isa = PBXProject;
			attributes = {
				LastUpgradeCheck = 0700;
				ORGANIZATIONNAME = xihao;
				TargetAttributes = {
					EAB7E8341BC81A1C0049F58D = {
						CreatedOnToolsVersion = 7.0.1;
						DevelopmentTeam = ULFMTJ5B3K;
					};
					EAB7E84D1BC81A1D0049F58D = {
						CreatedOnToolsVersion = 7.0.1;
						DevelopmentTeam = ULFMTJ5B3K;
						TestTargetID = EAB7E8341BC81A1C0049F58D;
					};
					EAB7E8581BC81A1D0049F58D = {
						CreatedOnToolsVersion = 7.0.1;
						DevelopmentTeam = ULFMTJ5B3K;
						TestTargetID = EAB7E8341BC81A1C0049F58D;
					};
				};
			};
			buildConfigurationList = EAB7E8301BC81A1C0049F58D /* Build configuration list for PBXProject "Weather" */;
			compatibilityVersion = "Xcode 3.2";
			developmentRegion = English;
			hasScannedForEncodings = 0;
			knownRegions = (
				en,
				Base,
			);
			mainGroup = EAB7E82C1BC81A1C0049F58D;
			productRefGroup = EAB7E8361BC81A1C0049F58D /* Products */;
			projectDirPath = "";
			projectRoot = "";
			targets = (
				EAB7E8341BC81A1C0049F58D /* Weather */,
				EAB7E84D1BC81A1D0049F58D /* WeatherTests */,
				EAB7E8581BC81A1D0049F58D /* WeatherUITests */,
			);
		};
/* End PBXProject section */

/* Begin PBXResourcesBuildPhase section */
		EAB7E8331BC81A1C0049F58D /* Resources */ = {
			isa = PBXResourcesBuildPhase;
			buildActionMask = 2147483647;
			files = (
				EA8A6B131BD66C0B001FEBF1 /* Scenery.plist in Resources */,
				EAC7A52F1BC8FB5500936F5C /* weather-shower.png in Resources */,
				EAD460EE1BD1130400325448 /* mojiYunQu.png in Resources */,
				EA7A7BF21BC96B0600CB9917 /* wo@2x.png in Resources */,
				EAB7E8861BC8F3EA0049F58D /* navi_bg.png in Resources */,
				EA97C3631BCD876600B9362F /* 2.png in Resources */,
				EAC7A52A1BC8FB5500936F5C /* weather-rain-night@2x.png in Resources */,
				EAC7A52C1BC8FB5500936F5C /* weather-rain@2x.png in Resources */,
				EAEBEEB41BD2C11700CBD561 /* back.png in Resources */,
				EAC7A52E1BC8FB5500936F5C /* weather-scattered@2x.png in Resources */,
				EAC7A5271BC8FB5500936F5C /* weather-moon.png in Resources */,
				EAB7E8481BC81A1D0049F58D /* LaunchScreen.storyboard in Resources */,
				EA97C3621BCD876600B9362F /* 1.png in Resources */,
				EAC7A5331BC8FB5500936F5C /* weather-tstorm.png in Resources */,
				EAC7A52B1BC8FB5500936F5C /* weather-rain.png in Resources */,
				EA7A7C691BCB692100CB9917 /* Snip20151012_4.png in Resources */,
				EAD460F91BD171FC00325448 /* leftIcon_1.png in Resources */,
				EA2EC6F21BCFD59B003881EC /* yundong.png in Resources */,
				EA7A7BEE1BC9650A00CB9917 /* myView_bg.png in Resources */,
				EA1896551BCC2AA50048A983 /* Snip20151013_1.png in Resources */,
				EA7A7C681BCB692100CB9917 /* Snip20151012_3.png in Resources */,
				EAC7A5241BC8FB5500936F5C /* weather-few@2x.png in Resources */,
				EAD460FA1BD171FC00325448 /* leftIcon_2.png in Resources */,
				EAC7A5231BC8FB5500936F5C /* weather-few.png in Resources */,
				EAC7A5201BC8FB5500936F5C /* weather-clear@2x.png in Resources */,
				EA8A6B111BD62C35001FEBF1 /* location_icon.png in Resources */,
				EAC7A5291BC8FB5500936F5C /* weather-rain-night.png in Resources */,
				EAC7A51D1BC8FB5500936F5C /* weather-broken.png in Resources */,
				EAC7A5311BC8FB5500936F5C /* weather-snow.png in Resources */,
				EAC7A5301BC8FB5500936F5C /* weather-shower@2x.png in Resources */,
				EAC7A5341BC8FB5500936F5C /* weather-tstorm@2x.png in Resources */,
				EAC7A51E1BC8FB5500936F5C /* weather-broken@2x.png in Resources */,
				EA5B432E1BD4EBB6009C044B /* ariView_bg.png in Resources */,
				EAC7A51F1BC8FB5500936F5C /* weather-clear.png in Resources */,
				EAC7A5321BC8FB5500936F5C /* weather-snow@2x.png in Resources */,
				EA2EC6F31BCFD59B003881EC /* ziwaixian.png in Resources */,
				EAB7E8451BC81A1D0049F58D /* Assets.xcassets in Resources */,
				EAB7E8871BC8F3EA0049F58D /* bar_bg.png in Resources */,
				EAF8888C1BD76C6D00B43790 /* Login.storyboard in Resources */,
				EA97C3651BCD876600B9362F /* 4.png in Resources */,
				EAEBEEAA1BD29FA700CBD561 /* City.plist in Resources */,
				EA2EC6F11BCFD59B003881EC /* xiche.png in Resources */,
				EAEBEEB01BD2B1C300CBD561 /* Search_backView.jpg in Resources */,
				EAE489D31BCEDE4100AFE65A /* cartoon_2.png in Resources */,
				EAC7A5211BC8FB5500936F5C /* weather-few-night.png in Resources */,
				EA5B43331BD4EEAD009C044B /* SearchAri.storyboard in Resources */,
				EA97C3671BCD956700B9362F /* bg.png in Resources */,
				EA97C3641BCD876600B9362F /* 3.png in Resources */,
				EAEE48BA1BD5622000DC38BC /* refresh_2.png in Resources */,
				EA7A7BF01BC969BD00CB9917 /* shijing@2x.png in Resources */,
				EAEE48BB1BD5622000DC38BC /* refresh_3.png in Resources */,
				EA2EC6EE1BCFD59B003881EC /* chuanyi.png in Resources */,
				EAEE48B91BD5622000DC38BC /* refresh_1.png in Resources */,
				EAC7A5251BC8FB5500936F5C /* weather-mist.png in Resources */,
				EA2EC6EF1BCFD59B003881EC /* ganmao.png in Resources */,
				EAC7A5261BC8FB5500936F5C /* weather-mist@2x.png in Resources */,
				EAE489D41BCEDE4200AFE65A /* cartoon_1.png in Resources */,
				EAC7A52D1BC8FB5500936F5C /* weather-scattered.png in Resources */,
				EA2EC6F01BCFD59B003881EC /* lvyou.png in Resources */,
				EAB7E8431BC81A1D0049F58D /* Main.storyboard in Resources */,
				EAD460EC1BD0F0D500325448 /* weather-clear2@2x.png in Resources */,
				EA5B43281BD4E73A009C044B /* navi_bg_2.png in Resources */,
				EAC7A5281BC8FB5500936F5C /* weather-moon@2x.png in Resources */,
				EAC7A5221BC8FB5500936F5C /* weather-few-night@2x.png in Resources */,
				EA7A7C6A1BCB692100CB9917 /* Snip20151012_2.png in Resources */,
			);
			runOnlyForDeploymentPostprocessing = 0;
		};
		EAB7E84C1BC81A1D0049F58D /* Resources */ = {
			isa = PBXResourcesBuildPhase;
			buildActionMask = 2147483647;
			files = (
			);
			runOnlyForDeploymentPostprocessing = 0;
		};
		EAB7E8571BC81A1D0049F58D /* Resources */ = {
			isa = PBXResourcesBuildPhase;
			buildActionMask = 2147483647;
			files = (
			);
			runOnlyForDeploymentPostprocessing = 0;
		};
/* End PBXResourcesBuildPhase section */

/* Begin PBXShellScriptBuildPhase section */
		D88DB4C651E1854DC45D3704 /* Check Pods Manifest.lock */ = {
			isa = PBXShellScriptBuildPhase;
			buildActionMask = 2147483647;
			files = (
			);
			inputPaths = (
			);
			name = "Check Pods Manifest.lock";
			outputPaths = (
			);
			runOnlyForDeploymentPostprocessing = 0;
			shellPath = /bin/sh;
			shellScript = "diff \"${PODS_ROOT}/../Podfile.lock\" \"${PODS_ROOT}/Manifest.lock\" > /dev/null\nif [[ $? != 0 ]] ; then\n    cat << EOM\nerror: The sandbox is not in sync with the Podfile.lock. Run 'pod install' or update your CocoaPods installation.\nEOM\n    exit 1\nfi\n";
			showEnvVarsInLog = 0;
		};
		F95DE90EB92C072E1B276243 /* Copy Pods Resources */ = {
			isa = PBXShellScriptBuildPhase;
			buildActionMask = 2147483647;
			files = (
			);
			inputPaths = (
			);
			name = "Copy Pods Resources";
			outputPaths = (
			);
			runOnlyForDeploymentPostprocessing = 0;
			shellPath = /bin/sh;
			shellScript = "\"${SRCROOT}/Pods/Target Support Files/Pods/Pods-resources.sh\"\n";
			showEnvVarsInLog = 0;
		};
/* End PBXShellScriptBuildPhase section */

/* Begin PBXSourcesBuildPhase section */
		EAB7E8311BC81A1C0049F58D /* Sources */ = {
			isa = PBXSourcesBuildPhase;
			buildActionMask = 2147483647;
			files = (
				EA18964B1BCC1BEF0048A983 /* UIScrollView+ScalableCover.m in Sources */,
				EA12F0921BD02432001BCB60 /* RootController.m in Sources */,
				EAAE84E01BD4CEEC00C9743A /* weatherCellView.m in Sources */,
				EAB7E8781BC8E1D70049F58D /* SceneryNavigationController.m in Sources */,
				EA8A6B0E1BD62315001FEBF1 /* CCLocationManager.m in Sources */,
				EAB7E8741BC8E1450049F58D /* WeatherNavigationController.m in Sources */,
				EA21EDC21BC90BC00082CB25 /* TabBarController.m in Sources */,
				EA7A7C631BCB616200CB9917 /* SceneryViewController.m in Sources */,
				EA7A7BE81BC9475700CB9917 /* MyViewController.m in Sources */,
				EAF888811BD754CB00B43790 /* UUBar.m in Sources */,
				EAD460EA1BD0E90300325448 /* LeftNaviController.m in Sources */,
				EAB7E8701BC8E0960049F58D /* BaseNavigationController.m in Sources */,
				EA97C35A1BCD61F800B9362F /* BaseTableViewController.m in Sources */,
				EAF888821BD754CB00B43790 /* UUBarChart.m in Sources */,
				EAF8888A1BD76C5600B43790 /* LoginViewController.m in Sources */,
				EA2EC6E61BCFC505003881EC /* zhishuCell.m in Sources */,
				EAB7E87C1BC8E2030049F58D /* MyNavigationController.m in Sources */,
				EAF888831BD754CB00B43790 /* UUChart.m in Sources */,
				EA97C35D1BCD643C00B9362F /* WeatherViewController.m in Sources */,
				EA8A6B0F1BD62315001FEBF1 /* CLLocation+YCLocation.m in Sources */,
				EAB7E83D1BC81A1D0049F58D /* AppDelegate.m in Sources */,
				EAF888861BD754CB00B43790 /* UULineChart.m in Sources */,
				EAE489CE1BCE73CA00AFE65A /* Config.m in Sources */,
				EAF888841BD754CB00B43790 /* UUChartLabel.m in Sources */,
				EAB7E87F1BC8E60E0049F58D /* BaseViewController.m in Sources */,
				EAEBEE9E1BD2374F00CBD561 /* SearchCityVC.m in Sources */,
				EA97C3571BCD3AB000B9362F /* LeftViewController.m in Sources */,
				EAF888851BD754CB00B43790 /* UUColor.m in Sources */,
				EAB7E83A1BC81A1C0049F58D /* main.m in Sources */,
				EAE96FA11BD8AD25001E80DC /* SceneryImageviewController.m in Sources */,
				EA5B43311BD4EDE3009C044B /* SearchAriVC.m in Sources */,
			);
			runOnlyForDeploymentPostprocessing = 0;
		};
		EAB7E84A1BC81A1D0049F58D /* Sources */ = {
			isa = PBXSourcesBuildPhase;
			buildActionMask = 2147483647;
			files = (
				EAB7E8531BC81A1D0049F58D /* WeatherTests.m in Sources */,
			);
			runOnlyForDeploymentPostprocessing = 0;
		};
		EAB7E8551BC81A1D0049F58D /* Sources */ = {
			isa = PBXSourcesBuildPhase;
			buildActionMask = 2147483647;
			files = (
				EAB7E85E1BC81A1D0049F58D /* WeatherUITests.m in Sources */,
			);
			runOnlyForDeploymentPostprocessing = 0;
		};
/* End PBXSourcesBuildPhase section */

/* Begin PBXTargetDependency section */
		EAB7E8501BC81A1D0049F58D /* PBXTargetDependency */ = {
			isa = PBXTargetDependency;
			target = EAB7E8341BC81A1C0049F58D /* Weather */;
			targetProxy = EAB7E84F1BC81A1D0049F58D /* PBXContainerItemProxy */;
		};
		EAB7E85B1BC81A1D0049F58D /* PBXTargetDependency */ = {
			isa = PBXTargetDependency;
			target = EAB7E8341BC81A1C0049F58D /* Weather */;
			targetProxy = EAB7E85A1BC81A1D0049F58D /* PBXContainerItemProxy */;
		};
/* End PBXTargetDependency section */

/* Begin PBXVariantGroup section */
		EAB7E8411BC81A1D0049F58D /* Main.storyboard */ = {
			isa = PBXVariantGroup;
			children = (
				EAB7E8421BC81A1D0049F58D /* Base */,
			);
			name = Main.storyboard;
			sourceTree = "<group>";
		};
		EAB7E8461BC81A1D0049F58D /* LaunchScreen.storyboard */ = {
			isa = PBXVariantGroup;
			children = (
				EAB7E8471BC81A1D0049F58D /* Base */,
			);
			name = LaunchScreen.storyboard;
			sourceTree = "<group>";
		};
/* End PBXVariantGroup section */

/* Begin XCBuildConfiguration section */
		EAB7E8601BC81A1D0049F58D /* Debug */ = {
			isa = XCBuildConfiguration;
			buildSettings = {
				ALWAYS_SEARCH_USER_PATHS = NO;
				CLANG_CXX_LANGUAGE_STANDARD = "gnu++0x";
				CLANG_CXX_LIBRARY = "libc++";
				CLANG_ENABLE_MODULES = YES;
				CLANG_ENABLE_OBJC_ARC = YES;
				CLANG_WARN_BOOL_CONVERSION = YES;
				CLANG_WARN_CONSTANT_CONVERSION = YES;
				CLANG_WARN_DIRECT_OBJC_ISA_USAGE = YES_ERROR;
				CLANG_WARN_EMPTY_BODY = YES;
				CLANG_WARN_ENUM_CONVERSION = YES;
				CLANG_WARN_INT_CONVERSION = YES;
				CLANG_WARN_OBJC_ROOT_CLASS = YES_ERROR;
				CLANG_WARN_UNREACHABLE_CODE = YES;
				CLANG_WARN__DUPLICATE_METHOD_MATCH = YES;
				"CODE_SIGN_IDENTITY[sdk=iphoneos*]" = "iPhone Developer";
				COPY_PHASE_STRIP = NO;
				DEBUG_INFORMATION_FORMAT = dwarf;
				ENABLE_STRICT_OBJC_MSGSEND = YES;
				ENABLE_TESTABILITY = YES;
				GCC_C_LANGUAGE_STANDARD = gnu99;
				GCC_DYNAMIC_NO_PIC = NO;
				GCC_NO_COMMON_BLOCKS = YES;
				GCC_OPTIMIZATION_LEVEL = 0;
				GCC_PREPROCESSOR_DEFINITIONS = (
					"DEBUG=1",
					"$(inherited)",
				);
				GCC_WARN_64_TO_32_BIT_CONVERSION = YES;
				GCC_WARN_ABOUT_RETURN_TYPE = YES_ERROR;
				GCC_WARN_UNDECLARED_SELECTOR = YES;
				GCC_WARN_UNINITIALIZED_AUTOS = YES_AGGRESSIVE;
				GCC_WARN_UNUSED_FUNCTION = YES;
				GCC_WARN_UNUSED_VARIABLE = YES;
				IPHONEOS_DEPLOYMENT_TARGET = 9.0;
				MTL_ENABLE_DEBUG_INFO = YES;
				ONLY_ACTIVE_ARCH = YES;
				SDKROOT = iphoneos;
			};
			name = Debug;
		};
		EAB7E8611BC81A1D0049F58D /* Release */ = {
			isa = XCBuildConfiguration;
			buildSettings = {
				ALWAYS_SEARCH_USER_PATHS = NO;
				CLANG_CXX_LANGUAGE_STANDARD = "gnu++0x";
				CLANG_CXX_LIBRARY = "libc++";
				CLANG_ENABLE_MODULES = YES;
				CLANG_ENABLE_OBJC_ARC = YES;
				CLANG_WARN_BOOL_CONVERSION = YES;
				CLANG_WARN_CONSTANT_CONVERSION = YES;
				CLANG_WARN_DIRECT_OBJC_ISA_USAGE = YES_ERROR;
				CLANG_WARN_EMPTY_BODY = YES;
				CLANG_WARN_ENUM_CONVERSION = YES;
				CLANG_WARN_INT_CONVERSION = YES;
				CLANG_WARN_OBJC_ROOT_CLASS = YES_ERROR;
				CLANG_WARN_UNREACHABLE_CODE = YES;
				CLANG_WARN__DUPLICATE_METHOD_MATCH = YES;
				"CODE_SIGN_IDENTITY[sdk=iphoneos*]" = "iPhone Developer";
				COPY_PHASE_STRIP = NO;
				DEBUG_INFORMATION_FORMAT = "dwarf-with-dsym";
				ENABLE_NS_ASSERTIONS = NO;
				ENABLE_STRICT_OBJC_MSGSEND = YES;
				GCC_C_LANGUAGE_STANDARD = gnu99;
				GCC_NO_COMMON_BLOCKS = YES;
				GCC_WARN_64_TO_32_BIT_CONVERSION = YES;
				GCC_WARN_ABOUT_RETURN_TYPE = YES_ERROR;
				GCC_WARN_UNDECLARED_SELECTOR = YES;
				GCC_WARN_UNINITIALIZED_AUTOS = YES_AGGRESSIVE;
				GCC_WARN_UNUSED_FUNCTION = YES;
				GCC_WARN_UNUSED_VARIABLE = YES;
				IPHONEOS_DEPLOYMENT_TARGET = 9.0;
				MTL_ENABLE_DEBUG_INFO = NO;
				SDKROOT = iphoneos;
				VALIDATE_PRODUCT = YES;
			};
			name = Release;
		};
		EAB7E8631BC81A1D0049F58D /* Debug */ = {
			isa = XCBuildConfiguration;
			baseConfigurationReference = BDA21021246AEE5A07AEA285 /* Pods.debug.xcconfig */;
			buildSettings = {
				ASSETCATALOG_COMPILER_APPICON_NAME = AppIcon;
				INFOPLIST_FILE = Weather/Info.plist;
				IPHONEOS_DEPLOYMENT_TARGET = 7.0;
				LD_RUNPATH_SEARCH_PATHS = "$(inherited) @executable_path/Frameworks";
				PRODUCT_BUNDLE_IDENTIFIER = xi.Weather;
				PRODUCT_NAME = "$(TARGET_NAME)";
			};
			name = Debug;
		};
		EAB7E8641BC81A1D0049F58D /* Release */ = {
			isa = XCBuildConfiguration;
			baseConfigurationReference = C79328E3F1D775E3DAF54486 /* Pods.release.xcconfig */;
			buildSettings = {
				ASSETCATALOG_COMPILER_APPICON_NAME = AppIcon;
				INFOPLIST_FILE = Weather/Info.plist;
				IPHONEOS_DEPLOYMENT_TARGET = 7.0;
				LD_RUNPATH_SEARCH_PATHS = "$(inherited) @executable_path/Frameworks";
				PRODUCT_BUNDLE_IDENTIFIER = xi.Weather;
				PRODUCT_NAME = "$(TARGET_NAME)";
			};
			name = Release;
		};
		EAB7E8661BC81A1D0049F58D /* Debug */ = {
			isa = XCBuildConfiguration;
			buildSettings = {
				BUNDLE_LOADER = "$(TEST_HOST)";
				INFOPLIST_FILE = WeatherTests/Info.plist;
				LD_RUNPATH_SEARCH_PATHS = "$(inherited) @executable_path/Frameworks @loader_path/Frameworks";
				PRODUCT_BUNDLE_IDENTIFIER = xi.WeatherTests;
				PRODUCT_NAME = "$(TARGET_NAME)";
				TEST_HOST = "$(BUILT_PRODUCTS_DIR)/Weather.app/Weather";
			};
			name = Debug;
		};
		EAB7E8671BC81A1D0049F58D /* Release */ = {
			isa = XCBuildConfiguration;
			buildSettings = {
				BUNDLE_LOADER = "$(TEST_HOST)";
				INFOPLIST_FILE = WeatherTests/Info.plist;
				LD_RUNPATH_SEARCH_PATHS = "$(inherited) @executable_path/Frameworks @loader_path/Frameworks";
				PRODUCT_BUNDLE_IDENTIFIER = xi.WeatherTests;
				PRODUCT_NAME = "$(TARGET_NAME)";
				TEST_HOST = "$(BUILT_PRODUCTS_DIR)/Weather.app/Weather";
			};
			name = Release;
		};
		EAB7E8691BC81A1D0049F58D /* Debug */ = {
			isa = XCBuildConfiguration;
			buildSettings = {
				INFOPLIST_FILE = WeatherUITests/Info.plist;
				LD_RUNPATH_SEARCH_PATHS = "$(inherited) @executable_path/Frameworks @loader_path/Frameworks";
				PRODUCT_BUNDLE_IDENTIFIER = xi.WeatherUITests;
				PRODUCT_NAME = "$(TARGET_NAME)";
				TEST_TARGET_NAME = Weather;
				USES_XCTRUNNER = YES;
			};
			name = Debug;
		};
		EAB7E86A1BC81A1D0049F58D /* Release */ = {
			isa = XCBuildConfiguration;
			buildSettings = {
				INFOPLIST_FILE = WeatherUITests/Info.plist;
				LD_RUNPATH_SEARCH_PATHS = "$(inherited) @executable_path/Frameworks @loader_path/Frameworks";
				PRODUCT_BUNDLE_IDENTIFIER = xi.WeatherUITests;
				PRODUCT_NAME = "$(TARGET_NAME)";
				TEST_TARGET_NAME = Weather;
				USES_XCTRUNNER = YES;
			};
			name = Release;
		};
/* End XCBuildConfiguration section */

/* Begin XCConfigurationList section */
		EAB7E8301BC81A1C0049F58D /* Build configuration list for PBXProject "Weather" */ = {
			isa = XCConfigurationList;
			buildConfigurations = (
				EAB7E8601BC81A1D0049F58D /* Debug */,
				EAB7E8611BC81A1D0049F58D /* Release */,
			);
			defaultConfigurationIsVisible = 0;
			defaultConfigurationName = Release;
		};
		EAB7E8621BC81A1D0049F58D /* Build configuration list for PBXNativeTarget "Weather" */ = {
			isa = XCConfigurationList;
			buildConfigurations = (
				EAB7E8631BC81A1D0049F58D /* Debug */,
				EAB7E8641BC81A1D0049F58D /* Release */,
			);
			defaultConfigurationIsVisible = 0;
			defaultConfigurationName = Release;
		};
		EAB7E8651BC81A1D0049F58D /* Build configuration list for PBXNativeTarget "WeatherTests" */ = {
			isa = XCConfigurationList;
			buildConfigurations = (
				EAB7E8661BC81A1D0049F58D /* Debug */,
				EAB7E8671BC81A1D0049F58D /* Release */,
			);
			defaultConfigurationIsVisible = 0;
			defaultConfigurationName = Release;
		};
		EAB7E8681BC81A1D0049F58D /* Build configuration list for PBXNativeTarget "WeatherUITests" */ = {
			isa = XCConfigurationList;
			buildConfigurations = (
				EAB7E8691BC81A1D0049F58D /* Debug */,
				EAB7E86A1BC81A1D0049F58D /* Release */,
			);
			defaultConfigurationIsVisible = 0;
			defaultConfigurationName = Release;
		};
/* End XCConfigurationList section */
	};
	rootObject = EAB7E82D1BC81A1C0049F58D /* Project object */;
}
